// !$*UTF8*$!
{
	archiveVersion = 1;
	classes = {
	};
	objectVersion = 46;
	objects = {

/* Begin PBXBuildFile section */
		1BBCC6A71A0CE4400035D5B2 /* main.m in Sources */ = {isa = PBXBuildFile; fileRef = 1BBCC6A61A0CE4400035D5B2 /* main.m */; };
		1BBCC6AA1A0CE4400035D5B2 /* AppDelegate.m in Sources */ = {isa = PBXBuildFile; fileRef = 1BBCC6A91A0CE4400035D5B2 /* AppDelegate.m */; };
		1BBCC6AD1A0CE4400035D5B2 /* DearSanta.xcdatamodeld in Sources */ = {isa = PBXBuildFile; fileRef = 1BBCC6AB1A0CE4400035D5B2 /* DearSanta.xcdatamodeld */; };
		1BBCC6B01A0CE4400035D5B2 /* ViewController.m in Sources */ = {isa = PBXBuildFile; fileRef = 1BBCC6AF1A0CE4400035D5B2 /* ViewController.m */; };
		1BBCC6B31A0CE4400035D5B2 /* Main.storyboard in Resources */ = {isa = PBXBuildFile; fileRef = 1BBCC6B11A0CE4400035D5B2 /* Main.storyboard */; };
		1BBCC6B51A0CE4400035D5B2 /* Images.xcassets in Resources */ = {isa = PBXBuildFile; fileRef = 1BBCC6B41A0CE4400035D5B2 /* Images.xcassets */; };
		1BBCC6B81A0CE4400035D5B2 /* LaunchScreen.xib in Resources */ = {isa = PBXBuildFile; fileRef = 1BBCC6B61A0CE4400035D5B2 /* LaunchScreen.xib */; };
		1BBCC6C41A0CE4400035D5B2 /* DearSantaTests.m in Sources */ = {isa = PBXBuildFile; fileRef = 1BBCC6C31A0CE4400035D5B2 /* DearSantaTests.m */; };
		1BBCC6CF1A0CE51C0035D5B2 /* Person.m in Sources */ = {isa = PBXBuildFile; fileRef = 1BBCC6CE1A0CE51C0035D5B2 /* Person.m */; };
		1BBCC6D21A0CE6560035D5B2 /* PersonTableTableViewController.m in Sources */ = {isa = PBXBuildFile; fileRef = 1BBCC6D11A0CE6560035D5B2 /* PersonTableTableViewController.m */; };
		1BBCC6D51A0CF0050035D5B2 /* AddPersonViewController.m in Sources */ = {isa = PBXBuildFile; fileRef = 1BBCC6D41A0CF0050035D5B2 /* AddPersonViewController.m */; };
		1BBCC6D81A0D0CDE0035D5B2 /* EditPersonViewController.m in Sources */ = {isa = PBXBuildFile; fileRef = 1BBCC6D71A0D0CDE0035D5B2 /* EditPersonViewController.m */; };
/* End PBXBuildFile section */

/* Begin PBXContainerItemProxy section */
		1BBCC6BE1A0CE4400035D5B2 /* PBXContainerItemProxy */ = {
			isa = PBXContainerItemProxy;
			containerPortal = 1BBCC6991A0CE4400035D5B2 /* Project object */;
			proxyType = 1;
			remoteGlobalIDString = 1BBCC6A01A0CE4400035D5B2;
			remoteInfo = DearSanta;
		};
/* End PBXContainerItemProxy section */

/* Begin PBXFileReference section */
		1BBCC6A11A0CE4400035D5B2 /* DearSanta.app */ = {isa = PBXFileReference; explicitFileType = wrapper.application; includeInIndex = 0; path = DearSanta.app; sourceTree = BUILT_PRODUCTS_DIR; };
		1BBCC6A51A0CE4400035D5B2 /* Info.plist */ = {isa = PBXFileReference; lastKnownFileType = text.plist.xml; path = Info.plist; sourceTree = "<group>"; };
		1BBCC6A61A0CE4400035D5B2 /* main.m */ = {isa = PBXFileReference; lastKnownFileType = sourcecode.c.objc; path = main.m; sourceTree = "<group>"; };
		1BBCC6A81A0CE4400035D5B2 /* AppDelegate.h */ = {isa = PBXFileReference; lastKnownFileType = sourcecode.c.h; path = AppDelegate.h; sourceTree = "<group>"; };
		1BBCC6A91A0CE4400035D5B2 /* AppDelegate.m */ = {isa = PBXFileReference; lastKnownFileType = sourcecode.c.objc; path = AppDelegate.m; sourceTree = "<group>"; };
		1BBCC6AC1A0CE4400035D5B2 /* DearSanta.xcdatamodel */ = {isa = PBXFileReference; lastKnownFileType = wrapper.xcdatamodel; path = DearSanta.xcdatamodel; sourceTree = "<group>"; };
		1BBCC6AE1A0CE4400035D5B2 /* ViewController.h */ = {isa = PBXFileReference; lastKnownFileType = sourcecode.c.h; path = ViewController.h; sourceTree = "<group>"; };
		1BBCC6AF1A0CE4400035D5B2 /* ViewController.m */ = {isa = PBXFileReference; lastKnownFileType = sourcecode.c.objc; path = ViewController.m; sourceTree = "<group>"; };
		1BBCC6B21A0CE4400035D5B2 /* Base */ = {isa = PBXFileReference; lastKnownFileType = file.storyboard; name = Base; path = Base.lproj/Main.storyboard; sourceTree = "<group>"; };
		1BBCC6B41A0CE4400035D5B2 /* Images.xcassets */ = {isa = PBXFileReference; lastKnownFileType = folder.assetcatalog; path = Images.xcassets; sourceTree = "<group>"; };
		1BBCC6B71A0CE4400035D5B2 /* Base */ = {isa = PBXFileReference; lastKnownFileType = file.xib; name = Base; path = Base.lproj/LaunchScreen.xib; sourceTree = "<group>"; };
		1BBCC6BD1A0CE4400035D5B2 /* DearSantaTests.xctest */ = {isa = PBXFileReference; explicitFileType = wrapper.cfbundle; includeInIndex = 0; path = DearSantaTests.xctest; sourceTree = BUILT_PRODUCTS_DIR; };
		1BBCC6C21A0CE4400035D5B2 /* Info.plist */ = {isa = PBXFileReference; lastKnownFileType = text.plist.xml; path = Info.plist; sourceTree = "<group>"; };
		1BBCC6C31A0CE4400035D5B2 /* DearSantaTests.m */ = {isa = PBXFileReference; lastKnownFileType = sourcecode.c.objc; path = DearSantaTests.m; sourceTree = "<group>"; };
		1BBCC6CD1A0CE51C0035D5B2 /* Person.h */ = {isa = PBXFileReference; fileEncoding = 4; lastKnownFileType = sourcecode.c.h; path = Person.h; sourceTree = "<group>"; };
		1BBCC6CE1A0CE51C0035D5B2 /* Person.m */ = {isa = PBXFileReference; fileEncoding = 4; lastKnownFileType = sourcecode.c.objc; path = Person.m; sourceTree = "<group>"; };
		1BBCC6D01A0CE6560035D5B2 /* PersonTableTableViewController.h */ = {isa = PBXFileReference; fileEncoding = 4; lastKnownFileType = sourcecode.c.h; path = PersonTableTableViewController.h; sourceTree = "<group>"; };
		1BBCC6D11A0CE6560035D5B2 /* PersonTableTableViewController.m */ = {isa = PBXFileReference; fileEncoding = 4; lastKnownFileType = sourcecode.c.objc; path = PersonTableTableViewController.m; sourceTree = "<group>"; };
		1BBCC6D31A0CF0050035D5B2 /* AddPersonViewController.h */ = {isa = PBXFileReference; fileEncoding = 4; lastKnownFileType = sourcecode.c.h; path = AddPersonViewController.h; sourceTree = "<group>"; };
		1BBCC6D41A0CF0050035D5B2 /* AddPersonViewController.m */ = {isa = PBXFileReference; fileEncoding = 4; lastKnownFileType = sourcecode.c.objc; path = AddPersonViewController.m; sourceTree = "<group>"; };
		1BBCC6D61A0D0CDE0035D5B2 /* EditPersonViewController.h */ = {isa = PBXFileReference; fileEncoding = 4; lastKnownFileType = sourcecode.c.h; path = EditPersonViewController.h; sourceTree = "<group>"; };
		1BBCC6D71A0D0CDE0035D5B2 /* EditPersonViewController.m */ = {isa = PBXFileReference; fileEncoding = 4; lastKnownFileType = sourcecode.c.objc; path = EditPersonViewController.m; sourceTree = "<group>"; };
/* End PBXFileReference section */

/* Begin PBXFrameworksBuildPhase section */
		1BBCC69E1A0CE4400035D5B2 /* Frameworks */ = {
			isa = PBXFrameworksBuildPhase;
			buildActionMask = 2147483647;
			files = (
			);
			runOnlyForDeploymentPostprocessing = 0;
		};
		1BBCC6BA1A0CE4400035D5B2 /* Frameworks */ = {
			isa = PBXFrameworksBuildPhase;
			buildActionMask = 2147483647;
			files = (
			);
			runOnlyForDeploymentPostprocessing = 0;
		};
/* End PBXFrameworksBuildPhase section */

/* Begin PBXGroup section */
		1BBCC6981A0CE4400035D5B2 = {
			isa = PBXGroup;
			children = (
				1BBCC6A31A0CE4400035D5B2 /* DearSanta */,
				1BBCC6C01A0CE4400035D5B2 /* DearSantaTests */,
				1BBCC6A21A0CE4400035D5B2 /* Products */,
			);
			sourceTree = "<group>";
		};
		1BBCC6A21A0CE4400035D5B2 /* Products */ = {
			isa = PBXGroup;
			children = (
				1BBCC6A11A0CE4400035D5B2 /* DearSanta.app */,
				1BBCC6BD1A0CE4400035D5B2 /* DearSantaTests.xctest */,
			);
			name = Products;
			sourceTree = "<group>";
		};
		1BBCC6A31A0CE4400035D5B2 /* DearSanta */ = {
			isa = PBXGroup;
			children = (
				1BBCC6A81A0CE4400035D5B2 /* AppDelegate.h */,
				1BBCC6A91A0CE4400035D5B2 /* AppDelegate.m */,
				1BBCC6D01A0CE6560035D5B2 /* PersonTableTableViewController.h */,
				1BBCC6D11A0CE6560035D5B2 /* PersonTableTableViewController.m */,
				1BBCC6AE1A0CE4400035D5B2 /* ViewController.h */,
				1BBCC6AF1A0CE4400035D5B2 /* ViewController.m */,
				1BBCC6B11A0CE4400035D5B2 /* Main.storyboard */,
				1BBCC6D61A0D0CDE0035D5B2 /* EditPersonViewController.h */,
				1BBCC6D71A0D0CDE0035D5B2 /* EditPersonViewController.m */,
				1BBCC6D31A0CF0050035D5B2 /* AddPersonViewController.h */,
				1BBCC6D41A0CF0050035D5B2 /* AddPersonViewController.m */,
				1BBCC6B41A0CE4400035D5B2 /* Images.xcassets */,
				1BBCC6B61A0CE4400035D5B2 /* LaunchScreen.xib */,
				1BBCC6AB1A0CE4400035D5B2 /* DearSanta.xcdatamodeld */,
				1BBCC6CD1A0CE51C0035D5B2 /* Person.h */,
				1BBCC6CE1A0CE51C0035D5B2 /* Person.m */,
				1BBCC6A41A0CE4400035D5B2 /* Supporting Files */,
			);
			path = DearSanta;
			sourceTree = "<group>";
		};
		1BBCC6A41A0CE4400035D5B2 /* Supporting Files */ = {
			isa = PBXGroup;
			children = (
				1BBCC6A51A0CE4400035D5B2 /* Info.plist */,
				1BBCC6A61A0CE4400035D5B2 /* main.m */,
			);
			name = "Supporting Files";
			sourceTree = "<group>";
		};
		1BBCC6C01A0CE4400035D5B2 /* DearSantaTests */ = {
			isa = PBXGroup;
			children = (
				1BBCC6C31A0CE4400035D5B2 /* DearSantaTests.m */,
				1BBCC6C11A0CE4400035D5B2 /* Supporting Files */,
			);
			path = DearSantaTests;
			sourceTree = "<group>";
		};
		1BBCC6C11A0CE4400035D5B2 /* Supporting Files */ = {
			isa = PBXGroup;
			children = (
				1BBCC6C21A0CE4400035D5B2 /* Info.plist */,
			);
			name = "Supporting Files";
			sourceTree = "<group>";
		};
/* End PBXGroup section */

/* Begin PBXNativeTarget section */
		1BBCC6A01A0CE4400035D5B2 /* DearSanta */ = {
			isa = PBXNativeTarget;
			buildConfigurationList = 1BBCC6C71A0CE4400035D5B2 /* Build configuration list for PBXNativeTarget "DearSanta" */;
			buildPhases = (
				1BBCC69D1A0CE4400035D5B2 /* Sources */,
				1BBCC69E1A0CE4400035D5B2 /* Frameworks */,
				1BBCC69F1A0CE4400035D5B2 /* Resources */,
			);
			buildRules = (
			);
			dependencies = (
			);
			name = DearSanta;
			productName = DearSanta;
			productReference = 1BBCC6A11A0CE4400035D5B2 /* DearSanta.app */;
			productType = "com.apple.product-type.application";
		};
		1BBCC6BC1A0CE4400035D5B2 /* DearSantaTests */ = {
			isa = PBXNativeTarget;
			buildConfigurationList = 1BBCC6CA1A0CE4400035D5B2 /* Build configuration list for PBXNativeTarget "DearSantaTests" */;
			buildPhases = (
				1BBCC6B91A0CE4400035D5B2 /* Sources */,
				1BBCC6BA1A0CE4400035D5B2 /* Frameworks */,
				1BBCC6BB1A0CE4400035D5B2 /* Resources */,
			);
			buildRules = (
			);
			dependencies = (
				1BBCC6BF1A0CE4400035D5B2 /* PBXTargetDependency */,
			);
			name = DearSantaTests;
			productName = DearSantaTests;
			productReference = 1BBCC6BD1A0CE4400035D5B2 /* DearSantaTests.xctest */;
			productType = "com.apple.product-type.bundle.unit-test";
		};
/* End PBXNativeTarget section */

/* Begin PBXProject section */
		1BBCC6991A0CE4400035D5B2 /* Project object */ = {
			isa = PBXProject;
			attributes = {
				LastUpgradeCheck = 0610;
				ORGANIZATIONNAME = GeorgeFrancis;
				TargetAttributes = {
					1BBCC6A01A0CE4400035D5B2 = {
						CreatedOnToolsVersion = 6.1;
					};
					1BBCC6BC1A0CE4400035D5B2 = {
						CreatedOnToolsVersion = 6.1;
						TestTargetID = 1BBCC6A01A0CE4400035D5B2;
					};
				};
			};
			buildConfigurationList = 1BBCC69C1A0CE4400035D5B2 /* Build configuration list for PBXProject "DearSanta" */;
			compatibilityVersion = "Xcode 3.2";
			developmentRegion = English;
			hasScannedForEncodings = 0;
			knownRegions = (
				en,
				Base,
			);
			mainGroup = 1BBCC6981A0CE4400035D5B2;
			productRefGroup = 1BBCC6A21A0CE4400035D5B2 /* Products */;
			projectDirPath = "";
			projectRoot = "";
			targets = (
				1BBCC6A01A0CE4400035D5B2 /* DearSanta */,
				1BBCC6BC1A0CE4400035D5B2 /* DearSantaTests */,
			);
		};
/* End PBXProject section */

/* Begin PBXResourcesBuildPhase section */
		1BBCC69F1A0CE4400035D5B2 /* Resources */ = {
			isa = PBXResourcesBuildPhase;
			buildActionMask = 2147483647;
			files = (
				1BBCC6B31A0CE4400035D5B2 /* Main.storyboard in Resources */,
				1BBCC6B81A0CE4400035D5B2 /* LaunchScreen.xib in Resources */,
				1BBCC6B51A0CE4400035D5B2 /* Images.xcassets in Resources */,
			);
			runOnlyForDeploymentPostprocessing = 0;
		};
		1BBCC6BB1A0CE4400035D5B2 /* Resources */ = {
			isa = PBXResourcesBuildPhase;
			buildActionMask = 2147483647;
			files = (
			);
			runOnlyForDeploymentPostprocessing = 0;
		};
/* End PBXResourcesBuildPhase section */

/* Begin PBXSourcesBuildPhase section */
		1BBCC69D1A0CE4400035D5B2 /* Sources */ = {
			isa = PBXSourcesBuildPhase;
			buildActionMask = 2147483647;
			files = (
				1BBCC6D51A0CF0050035D5B2 /* AddPersonViewController.m in Sources */,
				1BBCC6D81A0D0CDE0035D5B2 /* EditPersonViewController.m in Sources */,
				1BBCC6AA1A0CE4400035D5B2 /* AppDelegate.m in Sources */,
				1BBCC6A71A0CE4400035D5B2 /* main.m in Sources */,
				1BBCC6D21A0CE6560035D5B2 /* PersonTableTableViewController.m in Sources */,
				1BBCC6CF1A0CE51C0035D5B2 /* Person.m in Sources */,
				1BBCC6B01A0CE4400035D5B2 /* ViewController.m in Sources */,
				1BBCC6AD1A0CE4400035D5B2 /* DearSanta.xcdatamodeld in Sources */,
			);
			runOnlyForDeploymentPostprocessing = 0;
		};
		1BBCC6B91A0CE4400035D5B2 /* Sources */ = {
			isa = PBXSourcesBuildPhase;
			buildActionMask = 2147483647;
			files = (
				1BBCC6C41A0CE4400035D5B2 /* DearSantaTests.m in Sources */,
			);
			runOnlyForDeploymentPostprocessing = 0;
		};
/* End PBXSourcesBuildPhase section */

/* Begin PBXTargetDependency section */
		1BBCC6BF1A0CE4400035D5B2 /* PBXTargetDependency */ = {
			isa = PBXTargetDependency;
			target = 1BBCC6A01A0CE4400035D5B2 /* DearSanta */;
			targetProxy = 1BBCC6BE1A0CE4400035D5B2 /* PBXContainerItemProxy */;
		};
/* End PBXTargetDependency section */

/* Begin PBXVariantGroup section */
		1BBCC6B11A0CE4400035D5B2 /* Main.storyboard */ = {
			isa = PBXVariantGroup;
			children = (
				1BBCC6B21A0CE4400035D5B2 /* Base */,
			);
			name = Main.storyboard;
			sourceTree = "<group>";
		};
		1BBCC6B61A0CE4400035D5B2 /* LaunchScreen.xib */ = {
			isa = PBXVariantGroup;
			children = (
				1BBCC6B71A0CE4400035D5B2 /* Base */,
			);
			name = LaunchScreen.xib;
			sourceTree = "<group>";
		};
/* End PBXVariantGroup section */

/* Begin XCBuildConfiguration section */
		1BBCC6C51A0CE4400035D5B2 /* Debug */ = {
			isa = XCBuildConfiguration;
			buildSettings = {
				ALWAYS_SEARCH_USER_PATHS = NO;
				CLANG_CXX_LANGUAGE_STANDARD = "gnu++0x";
				CLANG_CXX_LIBRARY = "libc++";
				CLANG_ENABLE_MODULES = YES;
				CLANG_ENABLE_OBJC_ARC = YES;
				CLANG_WARN_BOOL_CONVERSION = YES;
				CLANG_WARN_CONSTANT_CONVERSION = YES;
				CLANG_WARN_DIRECT_OBJC_ISA_USAGE = YES_ERROR;
				CLANG_WARN_EMPTY_BODY = YES;
				CLANG_WARN_ENUM_CONVERSION = YES;
				CLANG_WARN_INT_CONVERSION = YES;
				CLANG_WARN_OBJC_ROOT_CLASS = YES_ERROR;
				CLANG_WARN_UNREACHABLE_CODE = YES;
				CLANG_WARN__DUPLICATE_METHOD_MATCH = YES;
				"CODE_SIGN_IDENTITY[sdk=iphoneos*]" = "iPhone Developer";
				COPY_PHASE_STRIP = NO;
				ENABLE_STRICT_OBJC_MSGSEND = YES;
				GCC_C_LANGUAGE_STANDARD = gnu99;
				GCC_DYNAMIC_NO_PIC = NO;
				GCC_OPTIMIZATION_LEVEL = 0;
				GCC_PREPROCESSOR_DEFINITIONS = (
					"DEBUG=1",
					"$(inherited)",
				);
				GCC_SYMBOLS_PRIVATE_EXTERN = NO;
				GCC_WARN_64_TO_32_BIT_CONVERSION = YES;
				GCC_WARN_ABOUT_RETURN_TYPE = YES_ERROR;
				GCC_WARN_UNDECLARED_SELECTOR = YES;
				GCC_WARN_UNINITIALIZED_AUTOS = YES_AGGRESSIVE;
				GCC_WARN_UNUSED_FUNCTION = YES;
				GCC_WARN_UNUSED_VARIABLE = YES;
				IPHONEOS_DEPLOYMENT_TARGET = 8.1;
				MTL_ENABLE_DEBUG_INFO = YES;
				ONLY_ACTIVE_ARCH = YES;
				SDKROOT = iphoneos;
				TARGETED_DEVICE_FAMILY = "1,2";
			};
			name = Debug;
		};
		1BBCC6C61A0CE4400035D5B2 /* Release */ = {
			isa = XCBuildConfiguration;
			buildSettings = {
				ALWAYS_SEARCH_USER_PATHS = NO;
				CLANG_CXX_LANGUAGE_STANDARD = "gnu++0x";
				CLANG_CXX_LIBRARY = "libc++";
				CLANG_ENABLE_MODULES = YES;
				CLANG_ENABLE_OBJC_ARC = YES;
				CLANG_WARN_BOOL_CONVERSION = YES;
				CLANG_WARN_CONSTANT_CONVERSION = YES;
				CLANG_WARN_DIRECT_OBJC_ISA_USAGE = YES_ERROR;
				CLANG_WARN_EMPTY_BODY = YES;
				CLANG_WARN_ENUM_CONVERSION = YES;
				CLANG_WARN_INT_CONVERSION = YES;
				CLANG_WARN_OBJC_ROOT_CLASS = YES_ERROR;
				CLANG_WARN_UNREACHABLE_CODE = YES;
				CLANG_WARN__DUPLICATE_METHOD_MATCH = YES;
				"CODE_SIGN_IDENTITY[sdk=iphoneos*]" = "iPhone Developer";
				COPY_PHASE_STRIP = YES;
				ENABLE_NS_ASSERTIONS = NO;
				ENABLE_STRICT_OBJC_MSGSEND = YES;
				GCC_C_LANGUAGE_STANDARD = gnu99;
				GCC_WARN_64_TO_32_BIT_CONVERSION = YES;
				GCC_WARN_ABOUT_RETURN_TYPE = YES_ERROR;
				GCC_WARN_UNDECLARED_SELECTOR = YES;
				GCC_WARN_UNINITIALIZED_AUTOS = YES_AGGRESSIVE;
				GCC_WARN_UNUSED_FUNCTION = YES;
				GCC_WARN_UNUSED_VARIABLE = YES;
				IPHONEOS_DEPLOYMENT_TARGET = 8.1;
				MTL_ENABLE_DEBUG_INFO = NO;
				SDKROOT = iphoneos;
				TARGETED_DEVICE_FAMILY = "1,2";
				VALIDATE_PRODUCT = YES;
			};
			name = Release;
		};
		1BBCC6C81A0CE4400035D5B2 /* Debug */ = {
			isa = XCBuildConfiguration;
			buildSettings = {
				ASSETCATALOG_COMPILER_APPICON_NAME = AppIcon;
				INFOPLIST_FILE = DearSanta/Info.plist;
				LD_RUNPATH_SEARCH_PATHS = "$(inherited) @executable_path/Frameworks";
				PRODUCT_NAME = "$(TARGET_NAME)";
			};
			name = Debug;
		};
		1BBCC6C91A0CE4400035D5B2 /* Release */ = {
			isa = XCBuildConfiguration;
			buildSettings = {
				ASSETCATALOG_COMPILER_APPICON_NAME = AppIcon;
				INFOPLIST_FILE = DearSanta/Info.plist;
				LD_RUNPATH_SEARCH_PATHS = "$(inherited) @executable_path/Frameworks";
				PRODUCT_NAME = "$(TARGET_NAME)";
			};
			name = Release;
		};
		1BBCC6CB1A0CE4400035D5B2 /* Debug */ = {
			isa = XCBuildConfiguration;
			buildSettings = {
				BUNDLE_LOADER = "$(TEST_HOST)";
				FRAMEWORK_SEARCH_PATHS = (
					"$(SDKROOT)/Developer/Library/Frameworks",
					"$(inherited)",
				);
				GCC_PREPROCESSOR_DEFINITIONS = (
					"DEBUG=1",
					"$(inherited)",
				);
				INFOPLIST_FILE = DearSantaTests/Info.plist;
				LD_RUNPATH_SEARCH_PATHS = "$(inherited) @executable_path/Frameworks @loader_path/Frameworks";
				PRODUCT_NAME = "$(TARGET_NAME)";
				TEST_HOST = "$(BUILT_PRODUCTS_DIR)/DearSanta.app/DearSanta";
			};
			name = Debug;
		};
		1BBCC6CC1A0CE4400035D5B2 /* Release */ = {
			isa = XCBuildConfiguration;
			buildSettings = {
				BUNDLE_LOADER = "$(TEST_HOST)";
				FRAMEWORK_SEARCH_PATHS = (
					"$(SDKROOT)/Developer/Library/Frameworks",
					"$(inherited)",
				);
				INFOPLIST_FILE = DearSantaTests/Info.plist;
				LD_RUNPATH_SEARCH_PATHS = "$(inherited) @executable_path/Frameworks @loader_path/Frameworks";
				PRODUCT_NAME = "$(TARGET_NAME)";
				TEST_HOST = "$(BUILT_PRODUCTS_DIR)/DearSanta.app/DearSanta";
			};
			name = Release;
		};
/* End XCBuildConfiguration section */

/* Begin XCConfigurationList section */
		1BBCC69C1A0CE4400035D5B2 /* Build configuration list for PBXProject "DearSanta" */ = {
			isa = XCConfigurationList;
			buildConfigurations = (
				1BBCC6C51A0CE4400035D5B2 /* Debug */,
				1BBCC6C61A0CE4400035D5B2 /* Release */,
			);
			defaultConfigurationIsVisible = 0;
			defaultConfigurationName = Release;
		};
		1BBCC6C71A0CE4400035D5B2 /* Build configuration list for PBXNativeTarget "DearSanta" */ = {
			isa = XCConfigurationList;
			buildConfigurations = (
				1BBCC6C81A0CE4400035D5B2 /* Debug */,
				1BBCC6C91A0CE4400035D5B2 /* Release */,
			);
			defaultConfigurationIsVisible = 0;
		};
		1BBCC6CA1A0CE4400035D5B2 /* Build configuration list for PBXNativeTarget "DearSantaTests" */ = {
			isa = XCConfigurationList;
			buildConfigurations = (
				1BBCC6CB1A0CE4400035D5B2 /* Debug */,
				1BBCC6CC1A0CE4400035D5B2 /* Release */,
			);
			defaultConfigurationIsVisible = 0;
		};
/* End XCConfigurationList section */

/* Begin XCVersionGroup section */
		1BBCC6AB1A0CE4400035D5B2 /* DearSanta.xcdatamodeld */ = {
			isa = XCVersionGroup;
			children = (
				1BBCC6AC1A0CE4400035D5B2 /* DearSanta.xcdatamodel */,
			);
			currentVersion = 1BBCC6AC1A0CE4400035D5B2 /* DearSanta.xcdatamodel */;
			path = DearSanta.xcdatamodeld;
			sourceTree = "<group>";
			versionGroupType = wrapper.xcdatamodel;
		};
/* End XCVersionGroup section */
	};
	rootObject = 1BBCC6991A0CE4400035D5B2 /* Project object */;
}
