// !$*UTF8*$!
{
	archiveVersion = 1;
	classes = {
	};
	objectVersion = 46;
	objects = {

/* Begin PBXBuildFile section */
		1B154D221A72E09F00F681D9 /* babyNamesImage.png in Resources */ = {isa = PBXBuildFile; fileRef = 1B154D211A72E09F00F681D9 /* babyNamesImage.png */; };
		1B35B8B61A6E8C5900A19602 /* PhotoDiaryViewController.m in Sources */ = {isa = PBXBuildFile; fileRef = 1B35B8B51A6E8C5900A19602 /* PhotoDiaryViewController.m */; };
		1B35B8BB1A6E8E2D00A19602 /* AssetsLibrary.framework in Frameworks */ = {isa = PBXBuildFile; fileRef = 1B35B8B81A6E8DDE00A19602 /* AssetsLibrary.framework */; };
		1B35B8BE1A6E914C00A19602 /* PhotoCell.m in Sources */ = {isa = PBXBuildFile; fileRef = 1B35B8BD1A6E914C00A19602 /* PhotoCell.m */; };
		1B35B8C11A6F09F800A19602 /* PhotoViewerViewController.m in Sources */ = {isa = PBXBuildFile; fileRef = 1B35B8C01A6F09F800A19602 /* PhotoViewerViewController.m */; };
		1B3AEDFF1A7628D2003AF051 /* AddImportantDateViewController.m in Sources */ = {isa = PBXBuildFile; fileRef = 1B3AEDFE1A7628D2003AF051 /* AddImportantDateViewController.m */; };
		1B3AEE021A7630CC003AF051 /* ImportantDateTableViewController.m in Sources */ = {isa = PBXBuildFile; fileRef = 1B3AEE011A7630CC003AF051 /* ImportantDateTableViewController.m */; };
		1B3AEE091A764A50003AF051 /* AddItemViewController.m in Sources */ = {isa = PBXBuildFile; fileRef = 1B3AEE081A764A50003AF051 /* AddItemViewController.m */; };
		1B3AEE0C1A764C87003AF051 /* ItemTableViewController.m in Sources */ = {isa = PBXBuildFile; fileRef = 1B3AEE0B1A764C87003AF051 /* ItemTableViewController.m */; };
		1B3AEE121A766380003AF051 /* EditItemViewController.m in Sources */ = {isa = PBXBuildFile; fileRef = 1B3AEE111A766380003AF051 /* EditItemViewController.m */; };
		1B3AEE271A767C62003AF051 /* homeImage.png in Resources */ = {isa = PBXBuildFile; fileRef = 1B3AEE231A767C62003AF051 /* homeImage.png */; };
		1B3AEE281A767C62003AF051 /* photoLibraryImage.png in Resources */ = {isa = PBXBuildFile; fileRef = 1B3AEE241A767C62003AF051 /* photoLibraryImage.png */; };
		1B3AEE291A767C62003AF051 /* takePhotoImage.png in Resources */ = {isa = PBXBuildFile; fileRef = 1B3AEE251A767C62003AF051 /* takePhotoImage.png */; };
		1B3AEE2A1A767C62003AF051 /* timeLapseImage.png in Resources */ = {isa = PBXBuildFile; fileRef = 1B3AEE261A767C62003AF051 /* timeLapseImage.png */; };
		1B3AEE2D1A7680BC003AF051 /* playImage.png in Resources */ = {isa = PBXBuildFile; fileRef = 1B3AEE2B1A7680BB003AF051 /* playImage.png */; };
		1B3AEE2E1A7680BC003AF051 /* stopImage.png in Resources */ = {isa = PBXBuildFile; fileRef = 1B3AEE2C1A7680BC003AF051 /* stopImage.png */; };
		1B3AEE301A768253003AF051 /* binImage.png in Resources */ = {isa = PBXBuildFile; fileRef = 1B3AEE2F1A768253003AF051 /* binImage.png */; };
		1B3AEE321A7683C6003AF051 /* favourites.png in Resources */ = {isa = PBXBuildFile; fileRef = 1B3AEE311A7683C6003AF051 /* favourites.png */; };
		1B4DD2561A6D790F00C9C1B9 /* girlsnames.plist in Resources */ = {isa = PBXBuildFile; fileRef = 1B4DD2551A6D790F00C9C1B9 /* girlsnames.plist */; };
		1B4DD2581A6D791500C9C1B9 /* boysnames.plist in Resources */ = {isa = PBXBuildFile; fileRef = 1B4DD2571A6D791500C9C1B9 /* boysnames.plist */; };
		1B4DD25B1A6D868500C9C1B9 /* BoysNamesViewController.m in Sources */ = {isa = PBXBuildFile; fileRef = 1B4DD25A1A6D868500C9C1B9 /* BoysNamesViewController.m */; };
		1B4DD25D1A6D88AC00C9C1B9 /* pregnantImage.png in Resources */ = {isa = PBXBuildFile; fileRef = 1B4DD25C1A6D88AC00C9C1B9 /* pregnantImage.png */; };
		1B4DD2601A6D8DEC00C9C1B9 /* AddFavouriteNameViewController.m in Sources */ = {isa = PBXBuildFile; fileRef = 1B4DD25F1A6D8DEC00C9C1B9 /* AddFavouriteNameViewController.m */; };
		1B4DD2631A6D93DC00C9C1B9 /* FavouritesTableViewController.m in Sources */ = {isa = PBXBuildFile; fileRef = 1B4DD2621A6D93DC00C9C1B9 /* FavouritesTableViewController.m */; };
		1B57EC0A1A825AC000A9E313 /* NotificationCenter.framework in Frameworks */ = {isa = PBXBuildFile; fileRef = 1B57EC091A825AC000A9E313 /* NotificationCenter.framework */; };
		1B6270891A6FA92100EC3DF1 /* TimeLapseViewController.m in Sources */ = {isa = PBXBuildFile; fileRef = 1B6270881A6FA92100EC3DF1 /* TimeLapseViewController.m */; };
		1B6CA42F1A70457600018381 /* QuartzCore.framework in Frameworks */ = {isa = PBXBuildFile; fileRef = 1B6CA42E1A70457600018381 /* QuartzCore.framework */; };
		1B6CA4311A70498800018381 /* homePageImage.png in Resources */ = {isa = PBXBuildFile; fileRef = 1B6CA4301A70498800018381 /* homePageImage.png */; };
		1B70DF1F1A7543ED0039FB1B /* Baby.m in Sources */ = {isa = PBXBuildFile; fileRef = 1B70DF1E1A7543ED0039FB1B /* Baby.m */; };
		1B70DF221A7543EE0039FB1B /* Date.m in Sources */ = {isa = PBXBuildFile; fileRef = 1B70DF211A7543EE0039FB1B /* Date.m */; };
		1B70DF251A7543EE0039FB1B /* Person.m in Sources */ = {isa = PBXBuildFile; fileRef = 1B70DF241A7543EE0039FB1B /* Person.m */; };
		1B70DF281A7543EE0039FB1B /* Item.m in Sources */ = {isa = PBXBuildFile; fileRef = 1B70DF271A7543EE0039FB1B /* Item.m */; };
		1B70DF2B1A7543EE0039FB1B /* Photo.m in Sources */ = {isa = PBXBuildFile; fileRef = 1B70DF2A1A7543EE0039FB1B /* Photo.m */; };
		1B70DF2E1A7543EE0039FB1B /* BabyName.m in Sources */ = {isa = PBXBuildFile; fileRef = 1B70DF2D1A7543EE0039FB1B /* BabyName.m */; };
		1B70DF331A756A430039FB1B /* FetchResultViewController.m in Sources */ = {isa = PBXBuildFile; fileRef = 1B70DF321A756A430039FB1B /* FetchResultViewController.m */; };
		1B82CC851A7D461400D64E06 /* Parse.framework in Frameworks */ = {isa = PBXBuildFile; fileRef = 1B82CC841A7D461400D64E06 /* Parse.framework */; };
		1B82CC871A7D467900D64E06 /* AudioToolbox.framework in Frameworks */ = {isa = PBXBuildFile; fileRef = 1B82CC861A7D467900D64E06 /* AudioToolbox.framework */; };
		1B82CC891A7D468D00D64E06 /* Accounts.framework in Frameworks */ = {isa = PBXBuildFile; fileRef = 1B82CC881A7D468D00D64E06 /* Accounts.framework */; };
		1B82CC8B1A7D469400D64E06 /* AdSupport.framework in Frameworks */ = {isa = PBXBuildFile; fileRef = 1B82CC8A1A7D469400D64E06 /* AdSupport.framework */; };
		1B82CC8D1A7D469D00D64E06 /* CFNetwork.framework in Frameworks */ = {isa = PBXBuildFile; fileRef = 1B82CC8C1A7D469D00D64E06 /* CFNetwork.framework */; };
		1B82CC8F1A7D46B800D64E06 /* CoreGraphics.framework in Frameworks */ = {isa = PBXBuildFile; fileRef = 1B82CC8E1A7D46B800D64E06 /* CoreGraphics.framework */; };
		1B82CC911A7D46C400D64E06 /* CoreLocation.framework in Frameworks */ = {isa = PBXBuildFile; fileRef = 1B82CC901A7D46C400D64E06 /* CoreLocation.framework */; };
		1B82CC931A7D46CE00D64E06 /* MobileCoreServices.framework in Frameworks */ = {isa = PBXBuildFile; fileRef = 1B82CC921A7D46CE00D64E06 /* MobileCoreServices.framework */; };
		1B82CC951A7D46D900D64E06 /* Security.framework in Frameworks */ = {isa = PBXBuildFile; fileRef = 1B82CC941A7D46D900D64E06 /* Security.framework */; };
		1B82CC971A7D46E500D64E06 /* Social.framework in Frameworks */ = {isa = PBXBuildFile; fileRef = 1B82CC961A7D46E500D64E06 /* Social.framework */; };
		1B82CC991A7D46EC00D64E06 /* StoreKit.framework in Frameworks */ = {isa = PBXBuildFile; fileRef = 1B82CC981A7D46EC00D64E06 /* StoreKit.framework */; };
		1B82CC9B1A7D46F900D64E06 /* SystemConfiguration.framework in Frameworks */ = {isa = PBXBuildFile; fileRef = 1B82CC9A1A7D46F900D64E06 /* SystemConfiguration.framework */; };
		1B82CC9D1A7D470100D64E06 /* UIKit.framework in Frameworks */ = {isa = PBXBuildFile; fileRef = 1B82CC9C1A7D470100D64E06 /* UIKit.framework */; };
		1B82CC9F1A7D470A00D64E06 /* Foundation.framework in Frameworks */ = {isa = PBXBuildFile; fileRef = 1B82CC9E1A7D470A00D64E06 /* Foundation.framework */; };
		1B82CCA11A7D471D00D64E06 /* libsqlite3.dylib in Frameworks */ = {isa = PBXBuildFile; fileRef = 1B82CCA01A7D471D00D64E06 /* libsqlite3.dylib */; };
		1B82CCA31A7D473200D64E06 /* libz.1.1.3.dylib in Frameworks */ = {isa = PBXBuildFile; fileRef = 1B82CCA21A7D473200D64E06 /* libz.1.1.3.dylib */; };
		1B82CCA51A7D484C00D64E06 /* Bolts.framework in Frameworks */ = {isa = PBXBuildFile; fileRef = 1B82CCA41A7D484C00D64E06 /* Bolts.framework */; };
		1B82CCA71A7D485400D64E06 /* ParseCrashReporting.framework in Frameworks */ = {isa = PBXBuildFile; fileRef = 1B82CCA61A7D485400D64E06 /* ParseCrashReporting.framework */; };
		1B82CCA91A7D487300D64E06 /* ParseFacebookUtils.framework in Frameworks */ = {isa = PBXBuildFile; fileRef = 1B82CCA81A7D487300D64E06 /* ParseFacebookUtils.framework */; };
		1B82CCAB1A7D487A00D64E06 /* ParseUI.framework in Frameworks */ = {isa = PBXBuildFile; fileRef = 1B82CCAA1A7D487A00D64E06 /* ParseUI.framework */; };
		1B82CCAE1A7D4CD700D64E06 /* RegisterViewController.m in Sources */ = {isa = PBXBuildFile; fileRef = 1B82CCAD1A7D4CD700D64E06 /* RegisterViewController.m */; };
		1B82CCB21A7D529400D64E06 /* LoginViewController.m in Sources */ = {isa = PBXBuildFile; fileRef = 1B82CCB11A7D529400D64E06 /* LoginViewController.m */; };
		1B82CCB51A7D596600D64E06 /* UploadImageViewController.m in Sources */ = {isa = PBXBuildFile; fileRef = 1B82CCB41A7D596600D64E06 /* UploadImageViewController.m */; };
		1B82CCB81A7D5CC600D64E06 /* ForumViewController.m in Sources */ = {isa = PBXBuildFile; fileRef = 1B82CCB71A7D5CC600D64E06 /* ForumViewController.m */; };
		1B82CCBB1A7FA81E00D64E06 /* AddPhotoViewController.m in Sources */ = {isa = PBXBuildFile; fileRef = 1B82CCBA1A7FA81E00D64E06 /* AddPhotoViewController.m */; };
		1B82CCBE1A7FAC8800D64E06 /* PhotoCollectionViewController.m in Sources */ = {isa = PBXBuildFile; fileRef = 1B82CCBD1A7FAC8800D64E06 /* PhotoCollectionViewController.m */; };
		1BBAF6E81A5C16DB0064A11A /* BabyNamesTableViewController.m in Sources */ = {isa = PBXBuildFile; fileRef = 1BBAF6E71A5C16DB0064A11A /* BabyNamesTableViewController.m */; };
		1BBAF6F21A5C230F0064A11A /* ShortListTableViewController.m in Sources */ = {isa = PBXBuildFile; fileRef = 1BBAF6F11A5C230F0064A11A /* ShortListTableViewController.m */; };
		1BBCC6A71A0CE4400035D5B2 /* main.m in Sources */ = {isa = PBXBuildFile; fileRef = 1BBCC6A61A0CE4400035D5B2 /* main.m */; };
		1BBCC6AA1A0CE4400035D5B2 /* AppDelegate.m in Sources */ = {isa = PBXBuildFile; fileRef = 1BBCC6A91A0CE4400035D5B2 /* AppDelegate.m */; };
		1BBCC6AD1A0CE4400035D5B2 /* DearSanta.xcdatamodeld in Sources */ = {isa = PBXBuildFile; fileRef = 1BBCC6AB1A0CE4400035D5B2 /* DearSanta.xcdatamodeld */; };
		1BBCC6B01A0CE4400035D5B2 /* ViewController.m in Sources */ = {isa = PBXBuildFile; fileRef = 1BBCC6AF1A0CE4400035D5B2 /* ViewController.m */; };
		1BBCC6B31A0CE4400035D5B2 /* Main.storyboard in Resources */ = {isa = PBXBuildFile; fileRef = 1BBCC6B11A0CE4400035D5B2 /* Main.storyboard */; };
		1BBCC6B51A0CE4400035D5B2 /* Images.xcassets in Resources */ = {isa = PBXBuildFile; fileRef = 1BBCC6B41A0CE4400035D5B2 /* Images.xcassets */; };
		1BBCC6B81A0CE4400035D5B2 /* LaunchScreen.xib in Resources */ = {isa = PBXBuildFile; fileRef = 1BBCC6B61A0CE4400035D5B2 /* LaunchScreen.xib */; };
		1BD598461A7FCED500C9B0F7 /* ForumTableViewController.m in Sources */ = {isa = PBXBuildFile; fileRef = 1BD598451A7FCED500C9B0F7 /* ForumTableViewController.m */; };
		1BD5984C1A7FE48100C9B0F7 /* scarlett1.JPG in Resources */ = {isa = PBXBuildFile; fileRef = 1BD5984A1A7FE48100C9B0F7 /* scarlett1.JPG */; };
		1BD5984D1A7FE48100C9B0F7 /* scarlett2.JPG in Resources */ = {isa = PBXBuildFile; fileRef = 1BD5984B1A7FE48100C9B0F7 /* scarlett2.JPG */; };
		1BD5984F1A7FE63600C9B0F7 /* scarlett3.png in Resources */ = {isa = PBXBuildFile; fileRef = 1BD5984E1A7FE63600C9B0F7 /* scarlett3.png */; };
		1BD598511A7FE8A200C9B0F7 /* scarlettbackground.png in Resources */ = {isa = PBXBuildFile; fileRef = 1BD598501A7FE8A200C9B0F7 /* scarlettbackground.png */; };
		1BD598531A7FEEEC00C9B0F7 /* arrow.png in Resources */ = {isa = PBXBuildFile; fileRef = 1BD598521A7FEEEC00C9B0F7 /* arrow.png */; };
		1BD598561A7FF40000C9B0F7 /* charlieBackground.JPG in Resources */ = {isa = PBXBuildFile; fileRef = 1BD598551A7FF40000C9B0F7 /* charlieBackground.JPG */; };
		1BD598581A80BB7700C9B0F7 /* calendar.jpg in Resources */ = {isa = PBXBuildFile; fileRef = 1BD598571A80BB7700C9B0F7 /* calendar.jpg */; };
/* End PBXBuildFile section */

/* Begin PBXContainerItemProxy section */
		1BBCC6BE1A0CE4400035D5B2 /* PBXContainerItemProxy */ = {
			isa = PBXContainerItemProxy;
			containerPortal = 1BBCC6991A0CE4400035D5B2 /* Project object */;
			proxyType = 1;
			remoteGlobalIDString = 1BBCC6A01A0CE4400035D5B2;
			remoteInfo = DearSanta;
		};
/* End PBXContainerItemProxy section */

/* Begin PBXFileReference section */
		1B154D211A72E09F00F681D9 /* babyNamesImage.png */ = {isa = PBXFileReference; lastKnownFileType = image.png; path = babyNamesImage.png; sourceTree = "<group>"; };
		1B35B8B41A6E8C5900A19602 /* PhotoDiaryViewController.h */ = {isa = PBXFileReference; fileEncoding = 4; lastKnownFileType = sourcecode.c.h; path = PhotoDiaryViewController.h; sourceTree = "<group>"; };
		1B35B8B51A6E8C5900A19602 /* PhotoDiaryViewController.m */ = {isa = PBXFileReference; fileEncoding = 4; lastKnownFileType = sourcecode.c.objc; path = PhotoDiaryViewController.m; sourceTree = "<group>"; };
		1B35B8B81A6E8DDE00A19602 /* AssetsLibrary.framework */ = {isa = PBXFileReference; lastKnownFileType = wrapper.framework; name = AssetsLibrary.framework; path = System/Library/Frameworks/AssetsLibrary.framework; sourceTree = SDKROOT; };
		1B35B8BC1A6E914C00A19602 /* PhotoCell.h */ = {isa = PBXFileReference; fileEncoding = 4; lastKnownFileType = sourcecode.c.h; path = PhotoCell.h; sourceTree = "<group>"; };
		1B35B8BD1A6E914C00A19602 /* PhotoCell.m */ = {isa = PBXFileReference; fileEncoding = 4; lastKnownFileType = sourcecode.c.objc; path = PhotoCell.m; sourceTree = "<group>"; };
		1B35B8BF1A6F09F800A19602 /* PhotoViewerViewController.h */ = {isa = PBXFileReference; fileEncoding = 4; lastKnownFileType = sourcecode.c.h; path = PhotoViewerViewController.h; sourceTree = "<group>"; };
		1B35B8C01A6F09F800A19602 /* PhotoViewerViewController.m */ = {isa = PBXFileReference; fileEncoding = 4; lastKnownFileType = sourcecode.c.objc; path = PhotoViewerViewController.m; sourceTree = "<group>"; };
		1B3AEDFD1A7628D2003AF051 /* AddImportantDateViewController.h */ = {isa = PBXFileReference; fileEncoding = 4; lastKnownFileType = sourcecode.c.h; path = AddImportantDateViewController.h; sourceTree = "<group>"; };
		1B3AEDFE1A7628D2003AF051 /* AddImportantDateViewController.m */ = {isa = PBXFileReference; fileEncoding = 4; lastKnownFileType = sourcecode.c.objc; path = AddImportantDateViewController.m; sourceTree = "<group>"; };
		1B3AEE001A7630CC003AF051 /* ImportantDateTableViewController.h */ = {isa = PBXFileReference; fileEncoding = 4; lastKnownFileType = sourcecode.c.h; path = ImportantDateTableViewController.h; sourceTree = "<group>"; };
		1B3AEE011A7630CC003AF051 /* ImportantDateTableViewController.m */ = {isa = PBXFileReference; fileEncoding = 4; lastKnownFileType = sourcecode.c.objc; path = ImportantDateTableViewController.m; sourceTree = "<group>"; };
		1B3AEE071A764A50003AF051 /* AddItemViewController.h */ = {isa = PBXFileReference; fileEncoding = 4; lastKnownFileType = sourcecode.c.h; path = AddItemViewController.h; sourceTree = "<group>"; };
		1B3AEE081A764A50003AF051 /* AddItemViewController.m */ = {isa = PBXFileReference; fileEncoding = 4; lastKnownFileType = sourcecode.c.objc; path = AddItemViewController.m; sourceTree = "<group>"; };
		1B3AEE0A1A764C87003AF051 /* ItemTableViewController.h */ = {isa = PBXFileReference; fileEncoding = 4; lastKnownFileType = sourcecode.c.h; path = ItemTableViewController.h; sourceTree = "<group>"; };
		1B3AEE0B1A764C87003AF051 /* ItemTableViewController.m */ = {isa = PBXFileReference; fileEncoding = 4; lastKnownFileType = sourcecode.c.objc; path = ItemTableViewController.m; sourceTree = "<group>"; };
		1B3AEE101A766380003AF051 /* EditItemViewController.h */ = {isa = PBXFileReference; fileEncoding = 4; lastKnownFileType = sourcecode.c.h; path = EditItemViewController.h; sourceTree = "<group>"; };
		1B3AEE111A766380003AF051 /* EditItemViewController.m */ = {isa = PBXFileReference; fileEncoding = 4; lastKnownFileType = sourcecode.c.objc; path = EditItemViewController.m; sourceTree = "<group>"; };
		1B3AEE231A767C62003AF051 /* homeImage.png */ = {isa = PBXFileReference; lastKnownFileType = image.png; path = homeImage.png; sourceTree = "<group>"; };
		1B3AEE241A767C62003AF051 /* photoLibraryImage.png */ = {isa = PBXFileReference; lastKnownFileType = image.png; path = photoLibraryImage.png; sourceTree = "<group>"; };
		1B3AEE251A767C62003AF051 /* takePhotoImage.png */ = {isa = PBXFileReference; lastKnownFileType = image.png; path = takePhotoImage.png; sourceTree = "<group>"; };
		1B3AEE261A767C62003AF051 /* timeLapseImage.png */ = {isa = PBXFileReference; lastKnownFileType = image.png; path = timeLapseImage.png; sourceTree = "<group>"; };
		1B3AEE2B1A7680BB003AF051 /* playImage.png */ = {isa = PBXFileReference; lastKnownFileType = image.png; path = playImage.png; sourceTree = "<group>"; };
		1B3AEE2C1A7680BC003AF051 /* stopImage.png */ = {isa = PBXFileReference; lastKnownFileType = image.png; path = stopImage.png; sourceTree = "<group>"; };
		1B3AEE2F1A768253003AF051 /* binImage.png */ = {isa = PBXFileReference; lastKnownFileType = image.png; path = binImage.png; sourceTree = "<group>"; };
		1B3AEE311A7683C6003AF051 /* favourites.png */ = {isa = PBXFileReference; lastKnownFileType = image.png; path = favourites.png; sourceTree = "<group>"; };
		1B4DD2551A6D790F00C9C1B9 /* girlsnames.plist */ = {isa = PBXFileReference; lastKnownFileType = file.bplist; path = girlsnames.plist; sourceTree = "<group>"; };
		1B4DD2571A6D791500C9C1B9 /* boysnames.plist */ = {isa = PBXFileReference; lastKnownFileType = file.bplist; path = boysnames.plist; sourceTree = "<group>"; };
		1B4DD2591A6D868500C9C1B9 /* BoysNamesViewController.h */ = {isa = PBXFileReference; fileEncoding = 4; lastKnownFileType = sourcecode.c.h; path = BoysNamesViewController.h; sourceTree = "<group>"; };
		1B4DD25A1A6D868500C9C1B9 /* BoysNamesViewController.m */ = {isa = PBXFileReference; fileEncoding = 4; lastKnownFileType = sourcecode.c.objc; path = BoysNamesViewController.m; sourceTree = "<group>"; };
		1B4DD25C1A6D88AC00C9C1B9 /* pregnantImage.png */ = {isa = PBXFileReference; lastKnownFileType = image.png; path = pregnantImage.png; sourceTree = "<group>"; };
		1B4DD25E1A6D8DEC00C9C1B9 /* AddFavouriteNameViewController.h */ = {isa = PBXFileReference; fileEncoding = 4; lastKnownFileType = sourcecode.c.h; path = AddFavouriteNameViewController.h; sourceTree = "<group>"; };
		1B4DD25F1A6D8DEC00C9C1B9 /* AddFavouriteNameViewController.m */ = {isa = PBXFileReference; fileEncoding = 4; lastKnownFileType = sourcecode.c.objc; path = AddFavouriteNameViewController.m; sourceTree = "<group>"; };
		1B4DD2611A6D93DC00C9C1B9 /* FavouritesTableViewController.h */ = {isa = PBXFileReference; fileEncoding = 4; lastKnownFileType = sourcecode.c.h; path = FavouritesTableViewController.h; sourceTree = "<group>"; };
		1B4DD2621A6D93DC00C9C1B9 /* FavouritesTableViewController.m */ = {isa = PBXFileReference; fileEncoding = 4; lastKnownFileType = sourcecode.c.objc; path = FavouritesTableViewController.m; sourceTree = "<group>"; };
		1B57EC091A825AC000A9E313 /* NotificationCenter.framework */ = {isa = PBXFileReference; lastKnownFileType = wrapper.framework; name = NotificationCenter.framework; path = System/Library/Frameworks/NotificationCenter.framework; sourceTree = SDKROOT; };
		1B6270871A6FA92100EC3DF1 /* TimeLapseViewController.h */ = {isa = PBXFileReference; fileEncoding = 4; lastKnownFileType = sourcecode.c.h; path = TimeLapseViewController.h; sourceTree = "<group>"; };
		1B6270881A6FA92100EC3DF1 /* TimeLapseViewController.m */ = {isa = PBXFileReference; fileEncoding = 4; lastKnownFileType = sourcecode.c.objc; path = TimeLapseViewController.m; sourceTree = "<group>"; };
		1B6CA42E1A70457600018381 /* QuartzCore.framework */ = {isa = PBXFileReference; lastKnownFileType = wrapper.framework; name = QuartzCore.framework; path = System/Library/Frameworks/QuartzCore.framework; sourceTree = SDKROOT; };
		1B6CA4301A70498800018381 /* homePageImage.png */ = {isa = PBXFileReference; lastKnownFileType = image.png; path = homePageImage.png; sourceTree = "<group>"; };
		1B70DF1D1A7543ED0039FB1B /* Baby.h */ = {isa = PBXFileReference; fileEncoding = 4; lastKnownFileType = sourcecode.c.h; path = Baby.h; sourceTree = "<group>"; };
		1B70DF1E1A7543ED0039FB1B /* Baby.m */ = {isa = PBXFileReference; fileEncoding = 4; lastKnownFileType = sourcecode.c.objc; path = Baby.m; sourceTree = "<group>"; };
		1B70DF201A7543EE0039FB1B /* Date.h */ = {isa = PBXFileReference; fileEncoding = 4; lastKnownFileType = sourcecode.c.h; path = Date.h; sourceTree = "<group>"; };
		1B70DF211A7543EE0039FB1B /* Date.m */ = {isa = PBXFileReference; fileEncoding = 4; lastKnownFileType = sourcecode.c.objc; path = Date.m; sourceTree = "<group>"; };
		1B70DF231A7543EE0039FB1B /* Person.h */ = {isa = PBXFileReference; fileEncoding = 4; lastKnownFileType = sourcecode.c.h; path = Person.h; sourceTree = "<group>"; };
		1B70DF241A7543EE0039FB1B /* Person.m */ = {isa = PBXFileReference; fileEncoding = 4; lastKnownFileType = sourcecode.c.objc; path = Person.m; sourceTree = "<group>"; };
		1B70DF261A7543EE0039FB1B /* Item.h */ = {isa = PBXFileReference; fileEncoding = 4; lastKnownFileType = sourcecode.c.h; path = Item.h; sourceTree = "<group>"; };
		1B70DF271A7543EE0039FB1B /* Item.m */ = {isa = PBXFileReference; fileEncoding = 4; lastKnownFileType = sourcecode.c.objc; path = Item.m; sourceTree = "<group>"; };
		1B70DF291A7543EE0039FB1B /* Photo.h */ = {isa = PBXFileReference; fileEncoding = 4; lastKnownFileType = sourcecode.c.h; path = Photo.h; sourceTree = "<group>"; };
		1B70DF2A1A7543EE0039FB1B /* Photo.m */ = {isa = PBXFileReference; fileEncoding = 4; lastKnownFileType = sourcecode.c.objc; path = Photo.m; sourceTree = "<group>"; };
		1B70DF2C1A7543EE0039FB1B /* BabyName.h */ = {isa = PBXFileReference; fileEncoding = 4; lastKnownFileType = sourcecode.c.h; path = BabyName.h; sourceTree = "<group>"; };
		1B70DF2D1A7543EE0039FB1B /* BabyName.m */ = {isa = PBXFileReference; fileEncoding = 4; lastKnownFileType = sourcecode.c.objc; path = BabyName.m; sourceTree = "<group>"; };
		1B70DF311A756A430039FB1B /* FetchResultViewController.h */ = {isa = PBXFileReference; fileEncoding = 4; lastKnownFileType = sourcecode.c.h; path = FetchResultViewController.h; sourceTree = "<group>"; };
		1B70DF321A756A430039FB1B /* FetchResultViewController.m */ = {isa = PBXFileReference; fileEncoding = 4; lastKnownFileType = sourcecode.c.objc; path = FetchResultViewController.m; sourceTree = "<group>"; };
		1B82CC841A7D461400D64E06 /* Parse.framework */ = {isa = PBXFileReference; lastKnownFileType = wrapper.framework; name = Parse.framework; path = "parse-library-1/Parse.framework"; sourceTree = "<group>"; };
		1B82CC861A7D467900D64E06 /* AudioToolbox.framework */ = {isa = PBXFileReference; lastKnownFileType = wrapper.framework; name = AudioToolbox.framework; path = System/Library/Frameworks/AudioToolbox.framework; sourceTree = SDKROOT; };
		1B82CC881A7D468D00D64E06 /* Accounts.framework */ = {isa = PBXFileReference; lastKnownFileType = wrapper.framework; name = Accounts.framework; path = System/Library/Frameworks/Accounts.framework; sourceTree = SDKROOT; };
		1B82CC8A1A7D469400D64E06 /* AdSupport.framework */ = {isa = PBXFileReference; lastKnownFileType = wrapper.framework; name = AdSupport.framework; path = System/Library/Frameworks/AdSupport.framework; sourceTree = SDKROOT; };
		1B82CC8C1A7D469D00D64E06 /* CFNetwork.framework */ = {isa = PBXFileReference; lastKnownFileType = wrapper.framework; name = CFNetwork.framework; path = System/Library/Frameworks/CFNetwork.framework; sourceTree = SDKROOT; };
		1B82CC8E1A7D46B800D64E06 /* CoreGraphics.framework */ = {isa = PBXFileReference; lastKnownFileType = wrapper.framework; name = CoreGraphics.framework; path = System/Library/Frameworks/CoreGraphics.framework; sourceTree = SDKROOT; };
		1B82CC901A7D46C400D64E06 /* CoreLocation.framework */ = {isa = PBXFileReference; lastKnownFileType = wrapper.framework; name = CoreLocation.framework; path = System/Library/Frameworks/CoreLocation.framework; sourceTree = SDKROOT; };
		1B82CC921A7D46CE00D64E06 /* MobileCoreServices.framework */ = {isa = PBXFileReference; lastKnownFileType = wrapper.framework; name = MobileCoreServices.framework; path = System/Library/Frameworks/MobileCoreServices.framework; sourceTree = SDKROOT; };
		1B82CC941A7D46D900D64E06 /* Security.framework */ = {isa = PBXFileReference; lastKnownFileType = wrapper.framework; name = Security.framework; path = System/Library/Frameworks/Security.framework; sourceTree = SDKROOT; };
		1B82CC961A7D46E500D64E06 /* Social.framework */ = {isa = PBXFileReference; lastKnownFileType = wrapper.framework; name = Social.framework; path = System/Library/Frameworks/Social.framework; sourceTree = SDKROOT; };
		1B82CC981A7D46EC00D64E06 /* StoreKit.framework */ = {isa = PBXFileReference; lastKnownFileType = wrapper.framework; name = StoreKit.framework; path = System/Library/Frameworks/StoreKit.framework; sourceTree = SDKROOT; };
		1B82CC9A1A7D46F900D64E06 /* SystemConfiguration.framework */ = {isa = PBXFileReference; lastKnownFileType = wrapper.framework; name = SystemConfiguration.framework; path = System/Library/Frameworks/SystemConfiguration.framework; sourceTree = SDKROOT; };
		1B82CC9C1A7D470100D64E06 /* UIKit.framework */ = {isa = PBXFileReference; lastKnownFileType = wrapper.framework; name = UIKit.framework; path = System/Library/Frameworks/UIKit.framework; sourceTree = SDKROOT; };
		1B82CC9E1A7D470A00D64E06 /* Foundation.framework */ = {isa = PBXFileReference; lastKnownFileType = wrapper.framework; name = Foundation.framework; path = System/Library/Frameworks/Foundation.framework; sourceTree = SDKROOT; };
		1B82CCA01A7D471D00D64E06 /* libsqlite3.dylib */ = {isa = PBXFileReference; lastKnownFileType = "compiled.mach-o.dylib"; name = libsqlite3.dylib; path = usr/lib/libsqlite3.dylib; sourceTree = SDKROOT; };
		1B82CCA21A7D473200D64E06 /* libz.1.1.3.dylib */ = {isa = PBXFileReference; lastKnownFileType = "compiled.mach-o.dylib"; name = libz.1.1.3.dylib; path = usr/lib/libz.1.1.3.dylib; sourceTree = SDKROOT; };
		1B82CCA41A7D484C00D64E06 /* Bolts.framework */ = {isa = PBXFileReference; lastKnownFileType = wrapper.framework; name = Bolts.framework; path = ../Bolts.framework; sourceTree = "<group>"; };
		1B82CCA61A7D485400D64E06 /* ParseCrashReporting.framework */ = {isa = PBXFileReference; lastKnownFileType = wrapper.framework; name = ParseCrashReporting.framework; path = ../ParseCrashReporting.framework; sourceTree = "<group>"; };
		1B82CCA81A7D487300D64E06 /* ParseFacebookUtils.framework */ = {isa = PBXFileReference; lastKnownFileType = wrapper.framework; name = ParseFacebookUtils.framework; path = ../ParseFacebookUtils.framework; sourceTree = "<group>"; };
		1B82CCAA1A7D487A00D64E06 /* ParseUI.framework */ = {isa = PBXFileReference; lastKnownFileType = wrapper.framework; name = ParseUI.framework; path = ../ParseUI.framework; sourceTree = "<group>"; };
		1B82CCAC1A7D4CD700D64E06 /* RegisterViewController.h */ = {isa = PBXFileReference; fileEncoding = 4; lastKnownFileType = sourcecode.c.h; path = RegisterViewController.h; sourceTree = "<group>"; };
		1B82CCAD1A7D4CD700D64E06 /* RegisterViewController.m */ = {isa = PBXFileReference; fileEncoding = 4; lastKnownFileType = sourcecode.c.objc; path = RegisterViewController.m; sourceTree = "<group>"; };
		1B82CCB01A7D529400D64E06 /* LoginViewController.h */ = {isa = PBXFileReference; fileEncoding = 4; lastKnownFileType = sourcecode.c.h; path = LoginViewController.h; sourceTree = "<group>"; };
		1B82CCB11A7D529400D64E06 /* LoginViewController.m */ = {isa = PBXFileReference; fileEncoding = 4; lastKnownFileType = sourcecode.c.objc; path = LoginViewController.m; sourceTree = "<group>"; };
		1B82CCB31A7D596600D64E06 /* UploadImageViewController.h */ = {isa = PBXFileReference; fileEncoding = 4; lastKnownFileType = sourcecode.c.h; path = UploadImageViewController.h; sourceTree = "<group>"; };
		1B82CCB41A7D596600D64E06 /* UploadImageViewController.m */ = {isa = PBXFileReference; fileEncoding = 4; lastKnownFileType = sourcecode.c.objc; path = UploadImageViewController.m; sourceTree = "<group>"; };
		1B82CCB61A7D5CC600D64E06 /* ForumViewController.h */ = {isa = PBXFileReference; fileEncoding = 4; lastKnownFileType = sourcecode.c.h; path = ForumViewController.h; sourceTree = "<group>"; };
		1B82CCB71A7D5CC600D64E06 /* ForumViewController.m */ = {isa = PBXFileReference; fileEncoding = 4; lastKnownFileType = sourcecode.c.objc; path = ForumViewController.m; sourceTree = "<group>"; };
		1B82CCB91A7FA81E00D64E06 /* AddPhotoViewController.h */ = {isa = PBXFileReference; fileEncoding = 4; lastKnownFileType = sourcecode.c.h; path = AddPhotoViewController.h; sourceTree = "<group>"; };
		1B82CCBA1A7FA81E00D64E06 /* AddPhotoViewController.m */ = {isa = PBXFileReference; fileEncoding = 4; lastKnownFileType = sourcecode.c.objc; path = AddPhotoViewController.m; sourceTree = "<group>"; };
		1B82CCBC1A7FAC8800D64E06 /* PhotoCollectionViewController.h */ = {isa = PBXFileReference; fileEncoding = 4; lastKnownFileType = sourcecode.c.h; path = PhotoCollectionViewController.h; sourceTree = "<group>"; };
		1B82CCBD1A7FAC8800D64E06 /* PhotoCollectionViewController.m */ = {isa = PBXFileReference; fileEncoding = 4; lastKnownFileType = sourcecode.c.objc; path = PhotoCollectionViewController.m; sourceTree = "<group>"; };
		1BBAF6E61A5C16DB0064A11A /* BabyNamesTableViewController.h */ = {isa = PBXFileReference; fileEncoding = 4; lastKnownFileType = sourcecode.c.h; path = BabyNamesTableViewController.h; sourceTree = "<group>"; };
		1BBAF6E71A5C16DB0064A11A /* BabyNamesTableViewController.m */ = {isa = PBXFileReference; fileEncoding = 4; lastKnownFileType = sourcecode.c.objc; path = BabyNamesTableViewController.m; sourceTree = "<group>"; };
		1BBAF6F01A5C230F0064A11A /* ShortListTableViewController.h */ = {isa = PBXFileReference; fileEncoding = 4; lastKnownFileType = sourcecode.c.h; path = ShortListTableViewController.h; sourceTree = "<group>"; };
		1BBAF6F11A5C230F0064A11A /* ShortListTableViewController.m */ = {isa = PBXFileReference; fileEncoding = 4; lastKnownFileType = sourcecode.c.objc; path = ShortListTableViewController.m; sourceTree = "<group>"; };
		1BBCC6A11A0CE4400035D5B2 /* BabyDiary.app */ = {isa = PBXFileReference; explicitFileType = wrapper.application; includeInIndex = 0; path = BabyDiary.app; sourceTree = BUILT_PRODUCTS_DIR; };
		1BBCC6A51A0CE4400035D5B2 /* Info.plist */ = {isa = PBXFileReference; lastKnownFileType = text.plist.xml; path = Info.plist; sourceTree = "<group>"; };
		1BBCC6A61A0CE4400035D5B2 /* main.m */ = {isa = PBXFileReference; lastKnownFileType = sourcecode.c.objc; path = main.m; sourceTree = "<group>"; };
		1BBCC6A81A0CE4400035D5B2 /* AppDelegate.h */ = {isa = PBXFileReference; lastKnownFileType = sourcecode.c.h; path = AppDelegate.h; sourceTree = "<group>"; };
		1BBCC6A91A0CE4400035D5B2 /* AppDelegate.m */ = {isa = PBXFileReference; lastKnownFileType = sourcecode.c.objc; path = AppDelegate.m; sourceTree = "<group>"; };
		1BBCC6AC1A0CE4400035D5B2 /* DearSanta.xcdatamodel */ = {isa = PBXFileReference; lastKnownFileType = wrapper.xcdatamodel; path = DearSanta.xcdatamodel; sourceTree = "<group>"; };
		1BBCC6AE1A0CE4400035D5B2 /* ViewController.h */ = {isa = PBXFileReference; lastKnownFileType = sourcecode.c.h; path = ViewController.h; sourceTree = "<group>"; };
		1BBCC6AF1A0CE4400035D5B2 /* ViewController.m */ = {isa = PBXFileReference; lastKnownFileType = sourcecode.c.objc; path = ViewController.m; sourceTree = "<group>"; };
		1BBCC6B21A0CE4400035D5B2 /* Base */ = {isa = PBXFileReference; lastKnownFileType = file.storyboard; name = Base; path = Base.lproj/Main.storyboard; sourceTree = "<group>"; };
		1BBCC6B41A0CE4400035D5B2 /* Images.xcassets */ = {isa = PBXFileReference; lastKnownFileType = folder.assetcatalog; path = Images.xcassets; sourceTree = "<group>"; };
		1BBCC6B71A0CE4400035D5B2 /* Base */ = {isa = PBXFileReference; lastKnownFileType = file.xib; name = Base; path = Base.lproj/LaunchScreen.xib; sourceTree = "<group>"; };
		1BBCC6BD1A0CE4400035D5B2 /* BabyDiaryTests.xctest */ = {isa = PBXFileReference; explicitFileType = wrapper.cfbundle; includeInIndex = 0; path = BabyDiaryTests.xctest; sourceTree = BUILT_PRODUCTS_DIR; };
		1BBCC6C21A0CE4400035D5B2 /* Info.plist */ = {isa = PBXFileReference; lastKnownFileType = text.plist.xml; path = Info.plist; sourceTree = "<group>"; };
		1BBCC6C31A0CE4400035D5B2 /* DearSantaTests.m */ = {isa = PBXFileReference; lastKnownFileType = sourcecode.c.objc; path = DearSantaTests.m; sourceTree = "<group>"; };
		1BD598441A7FCED500C9B0F7 /* ForumTableViewController.h */ = {isa = PBXFileReference; fileEncoding = 4; lastKnownFileType = sourcecode.c.h; path = ForumTableViewController.h; sourceTree = "<group>"; };
		1BD598451A7FCED500C9B0F7 /* ForumTableViewController.m */ = {isa = PBXFileReference; fileEncoding = 4; lastKnownFileType = sourcecode.c.objc; path = ForumTableViewController.m; sourceTree = "<group>"; };
		1BD5984A1A7FE48100C9B0F7 /* scarlett1.JPG */ = {isa = PBXFileReference; lastKnownFileType = image.jpeg; path = scarlett1.JPG; sourceTree = "<group>"; };
		1BD5984B1A7FE48100C9B0F7 /* scarlett2.JPG */ = {isa = PBXFileReference; lastKnownFileType = image.jpeg; path = scarlett2.JPG; sourceTree = "<group>"; };
		1BD5984E1A7FE63600C9B0F7 /* scarlett3.png */ = {isa = PBXFileReference; lastKnownFileType = image.png; path = scarlett3.png; sourceTree = "<group>"; };
		1BD598501A7FE8A200C9B0F7 /* scarlettbackground.png */ = {isa = PBXFileReference; lastKnownFileType = image.png; path = scarlettbackground.png; sourceTree = "<group>"; };
		1BD598521A7FEEEC00C9B0F7 /* arrow.png */ = {isa = PBXFileReference; lastKnownFileType = image.png; path = arrow.png; sourceTree = "<group>"; };
		1BD598551A7FF40000C9B0F7 /* charlieBackground.JPG */ = {isa = PBXFileReference; lastKnownFileType = image.jpeg; path = charlieBackground.JPG; sourceTree = "<group>"; };
		1BD598571A80BB7700C9B0F7 /* calendar.jpg */ = {isa = PBXFileReference; lastKnownFileType = image.jpeg; path = calendar.jpg; sourceTree = "<group>"; };
/* End PBXFileReference section */

/* Begin PBXFrameworksBuildPhase section */
		1BBCC69E1A0CE4400035D5B2 /* Frameworks */ = {
			isa = PBXFrameworksBuildPhase;
			buildActionMask = 2147483647;
			files = (
				1B57EC0A1A825AC000A9E313 /* NotificationCenter.framework in Frameworks */,
				1B82CCAB1A7D487A00D64E06 /* ParseUI.framework in Frameworks */,
				1B82CCA31A7D473200D64E06 /* libz.1.1.3.dylib in Frameworks */,
				1B82CCA51A7D484C00D64E06 /* Bolts.framework in Frameworks */,
				1B82CCA11A7D471D00D64E06 /* libsqlite3.dylib in Frameworks */,
				1B82CC9F1A7D470A00D64E06 /* Foundation.framework in Frameworks */,
				1B82CC9D1A7D470100D64E06 /* UIKit.framework in Frameworks */,
				1B82CC9B1A7D46F900D64E06 /* SystemConfiguration.framework in Frameworks */,
				1B82CC991A7D46EC00D64E06 /* StoreKit.framework in Frameworks */,
				1B82CC971A7D46E500D64E06 /* Social.framework in Frameworks */,
				1B82CC951A7D46D900D64E06 /* Security.framework in Frameworks */,
				1B82CC931A7D46CE00D64E06 /* MobileCoreServices.framework in Frameworks */,
				1B82CC911A7D46C400D64E06 /* CoreLocation.framework in Frameworks */,
				1B82CCA71A7D485400D64E06 /* ParseCrashReporting.framework in Frameworks */,
				1B82CC8F1A7D46B800D64E06 /* CoreGraphics.framework in Frameworks */,
				1B82CC8D1A7D469D00D64E06 /* CFNetwork.framework in Frameworks */,
				1B82CCA91A7D487300D64E06 /* ParseFacebookUtils.framework in Frameworks */,
				1B82CC8B1A7D469400D64E06 /* AdSupport.framework in Frameworks */,
				1B82CC891A7D468D00D64E06 /* Accounts.framework in Frameworks */,
				1B82CC871A7D467900D64E06 /* AudioToolbox.framework in Frameworks */,
				1B6CA42F1A70457600018381 /* QuartzCore.framework in Frameworks */,
				1B82CC851A7D461400D64E06 /* Parse.framework in Frameworks */,
				1B35B8BB1A6E8E2D00A19602 /* AssetsLibrary.framework in Frameworks */,
			);
			runOnlyForDeploymentPostprocessing = 0;
		};
		1BBCC6BA1A0CE4400035D5B2 /* Frameworks */ = {
			isa = PBXFrameworksBuildPhase;
			buildActionMask = 2147483647;
			files = (
			);
			runOnlyForDeploymentPostprocessing = 0;
		};
/* End PBXFrameworksBuildPhase section */

/* Begin PBXGroup section */
		1B35B8B71A6E8C5D00A19602 /* PhotoDiary */ = {
			isa = PBXGroup;
			children = (
				1B82CCB91A7FA81E00D64E06 /* AddPhotoViewController.h */,
				1B82CCBA1A7FA81E00D64E06 /* AddPhotoViewController.m */,
				1B82CCBC1A7FAC8800D64E06 /* PhotoCollectionViewController.h */,
				1B82CCBD1A7FAC8800D64E06 /* PhotoCollectionViewController.m */,
				1B35B8BF1A6F09F800A19602 /* PhotoViewerViewController.h */,
				1B35B8C01A6F09F800A19602 /* PhotoViewerViewController.m */,
				1B35B8B41A6E8C5900A19602 /* PhotoDiaryViewController.h */,
				1B35B8B51A6E8C5900A19602 /* PhotoDiaryViewController.m */,
				1B35B8BC1A6E914C00A19602 /* PhotoCell.h */,
				1B35B8BD1A6E914C00A19602 /* PhotoCell.m */,
				1B6270871A6FA92100EC3DF1 /* TimeLapseViewController.h */,
				1B6270881A6FA92100EC3DF1 /* TimeLapseViewController.m */,
			);
			name = PhotoDiary;
			sourceTree = "<group>";
		};
		1B3AEE061A7649DE003AF051 /* Items */ = {
			isa = PBXGroup;
			children = (
				1B3AEE071A764A50003AF051 /* AddItemViewController.h */,
				1B3AEE081A764A50003AF051 /* AddItemViewController.m */,
				1B3AEE0A1A764C87003AF051 /* ItemTableViewController.h */,
				1B3AEE0B1A764C87003AF051 /* ItemTableViewController.m */,
				1B3AEE101A766380003AF051 /* EditItemViewController.h */,
				1B3AEE111A766380003AF051 /* EditItemViewController.m */,
			);
			name = Items;
			sourceTree = "<group>";
		};
		1B70DF371A75896A0039FB1B /* ImportantDates */ = {
			isa = PBXGroup;
			children = (
				1B3AEDFD1A7628D2003AF051 /* AddImportantDateViewController.h */,
				1B3AEDFE1A7628D2003AF051 /* AddImportantDateViewController.m */,
				1B3AEE001A7630CC003AF051 /* ImportantDateTableViewController.h */,
				1B3AEE011A7630CC003AF051 /* ImportantDateTableViewController.m */,
			);
			name = ImportantDates;
			sourceTree = "<group>";
		};
		1B82CCAF1A7D4CDB00D64E06 /* Sharing */ = {
			isa = PBXGroup;
			children = (
				1B82CCB01A7D529400D64E06 /* LoginViewController.h */,
				1B82CCB11A7D529400D64E06 /* LoginViewController.m */,
				1B82CCAC1A7D4CD700D64E06 /* RegisterViewController.h */,
				1B82CCAD1A7D4CD700D64E06 /* RegisterViewController.m */,
				1B82CCB31A7D596600D64E06 /* UploadImageViewController.h */,
				1B82CCB41A7D596600D64E06 /* UploadImageViewController.m */,
				1B82CCB61A7D5CC600D64E06 /* ForumViewController.h */,
				1B82CCB71A7D5CC600D64E06 /* ForumViewController.m */,
				1BD598441A7FCED500C9B0F7 /* ForumTableViewController.h */,
				1BD598451A7FCED500C9B0F7 /* ForumTableViewController.m */,
			);
			name = Sharing;
			path = ..;
			sourceTree = "<group>";
		};
		1BBAF6F31A5C23390064A11A /* Model */ = {
			isa = PBXGroup;
			children = (
				1BBCC6AB1A0CE4400035D5B2 /* DearSanta.xcdatamodeld */,
				1B70DF2C1A7543EE0039FB1B /* BabyName.h */,
				1B70DF2D1A7543EE0039FB1B /* BabyName.m */,
				1B70DF291A7543EE0039FB1B /* Photo.h */,
				1B70DF2A1A7543EE0039FB1B /* Photo.m */,
				1B70DF261A7543EE0039FB1B /* Item.h */,
				1B70DF271A7543EE0039FB1B /* Item.m */,
				1B70DF231A7543EE0039FB1B /* Person.h */,
				1B70DF241A7543EE0039FB1B /* Person.m */,
				1B70DF201A7543EE0039FB1B /* Date.h */,
				1B70DF211A7543EE0039FB1B /* Date.m */,
				1B70DF1D1A7543ED0039FB1B /* Baby.h */,
				1B70DF1E1A7543ED0039FB1B /* Baby.m */,
			);
			name = Model;
			sourceTree = "<group>";
		};
		1BBAF6F51A5C23620064A11A /* BabyNames */ = {
			isa = PBXGroup;
			children = (
				1B4DD2571A6D791500C9C1B9 /* boysnames.plist */,
				1B4DD2551A6D790F00C9C1B9 /* girlsnames.plist */,
				1B4DD2591A6D868500C9C1B9 /* BoysNamesViewController.h */,
				1B4DD25A1A6D868500C9C1B9 /* BoysNamesViewController.m */,
				1B4DD25E1A6D8DEC00C9C1B9 /* AddFavouriteNameViewController.h */,
				1B4DD25F1A6D8DEC00C9C1B9 /* AddFavouriteNameViewController.m */,
				1B70DF311A756A430039FB1B /* FetchResultViewController.h */,
				1B70DF321A756A430039FB1B /* FetchResultViewController.m */,
				1B4DD2611A6D93DC00C9C1B9 /* FavouritesTableViewController.h */,
				1B4DD2621A6D93DC00C9C1B9 /* FavouritesTableViewController.m */,
				1BBAF6F01A5C230F0064A11A /* ShortListTableViewController.h */,
				1BBAF6F11A5C230F0064A11A /* ShortListTableViewController.m */,
				1BBAF6E61A5C16DB0064A11A /* BabyNamesTableViewController.h */,
				1BBAF6E71A5C16DB0064A11A /* BabyNamesTableViewController.m */,
			);
			name = BabyNames;
			sourceTree = "<group>";
		};
		1BBAF6F61A5C23710064A11A /* Images */ = {
			isa = PBXGroup;
			children = (
				1BD598571A80BB7700C9B0F7 /* calendar.jpg */,
				1BD598551A7FF40000C9B0F7 /* charlieBackground.JPG */,
				1BD598521A7FEEEC00C9B0F7 /* arrow.png */,
				1BD598501A7FE8A200C9B0F7 /* scarlettbackground.png */,
				1BD5984A1A7FE48100C9B0F7 /* scarlett1.JPG */,
				1BD5984B1A7FE48100C9B0F7 /* scarlett2.JPG */,
				1BD5984E1A7FE63600C9B0F7 /* scarlett3.png */,
				1B3AEE311A7683C6003AF051 /* favourites.png */,
				1B3AEE2F1A768253003AF051 /* binImage.png */,
				1B3AEE2B1A7680BB003AF051 /* playImage.png */,
				1B3AEE2C1A7680BC003AF051 /* stopImage.png */,
				1B3AEE231A767C62003AF051 /* homeImage.png */,
				1B3AEE241A767C62003AF051 /* photoLibraryImage.png */,
				1B3AEE251A767C62003AF051 /* takePhotoImage.png */,
				1B3AEE261A767C62003AF051 /* timeLapseImage.png */,
				1B154D211A72E09F00F681D9 /* babyNamesImage.png */,
				1B6CA4301A70498800018381 /* homePageImage.png */,
				1B4DD25C1A6D88AC00C9C1B9 /* pregnantImage.png */,
			);
			name = Images;
			sourceTree = "<group>";
		};
		1BBCC6981A0CE4400035D5B2 = {
			isa = PBXGroup;
			children = (
				1BBCC6A31A0CE4400035D5B2 /* BabyDiary */,
				1BBCC6C01A0CE4400035D5B2 /* BabyDiaryTests */,
				1BBCC6A21A0CE4400035D5B2 /* Products */,
			);
			sourceTree = "<group>";
		};
		1BBCC6A21A0CE4400035D5B2 /* Products */ = {
			isa = PBXGroup;
			children = (
				1BBCC6A11A0CE4400035D5B2 /* BabyDiary.app */,
				1BBCC6BD1A0CE4400035D5B2 /* BabyDiaryTests.xctest */,
			);
			name = Products;
			sourceTree = "<group>";
		};
		1BBCC6A31A0CE4400035D5B2 /* BabyDiary */ = {
			isa = PBXGroup;
			children = (
				1BBCC6A81A0CE4400035D5B2 /* AppDelegate.h */,
				1BBCC6A91A0CE4400035D5B2 /* AppDelegate.m */,
				1BBCC6AE1A0CE4400035D5B2 /* ViewController.h */,
				1BBCC6AF1A0CE4400035D5B2 /* ViewController.m */,
				1BBCC6B11A0CE4400035D5B2 /* Main.storyboard */,
				1B82CCAF1A7D4CDB00D64E06 /* Sharing */,
				1B3AEE061A7649DE003AF051 /* Items */,
				1B70DF371A75896A0039FB1B /* ImportantDates */,
				1B35B8B71A6E8C5D00A19602 /* PhotoDiary */,
				1BBAF6F51A5C23620064A11A /* BabyNames */,
				1BBAF6F61A5C23710064A11A /* Images */,
				1BBCC6B41A0CE4400035D5B2 /* Images.xcassets */,
				1BBCC6B61A0CE4400035D5B2 /* LaunchScreen.xib */,
				1BBAF6F31A5C23390064A11A /* Model */,
				1BBCC6A41A0CE4400035D5B2 /* Supporting Files */,
			);
			name = BabyDiary;
			path = DearSanta;
			sourceTree = "<group>";
		};
		1BBCC6A41A0CE4400035D5B2 /* Supporting Files */ = {
			isa = PBXGroup;
			children = (
				1B57EC091A825AC000A9E313 /* NotificationCenter.framework */,
				1B82CCAA1A7D487A00D64E06 /* ParseUI.framework */,
				1B82CCA81A7D487300D64E06 /* ParseFacebookUtils.framework */,
				1B82CCA61A7D485400D64E06 /* ParseCrashReporting.framework */,
				1B82CCA41A7D484C00D64E06 /* Bolts.framework */,
				1B82CCA21A7D473200D64E06 /* libz.1.1.3.dylib */,
				1B82CCA01A7D471D00D64E06 /* libsqlite3.dylib */,
				1B82CC9E1A7D470A00D64E06 /* Foundation.framework */,
				1B82CC9C1A7D470100D64E06 /* UIKit.framework */,
				1B82CC9A1A7D46F900D64E06 /* SystemConfiguration.framework */,
				1B82CC981A7D46EC00D64E06 /* StoreKit.framework */,
				1B82CC961A7D46E500D64E06 /* Social.framework */,
				1B82CC941A7D46D900D64E06 /* Security.framework */,
				1B82CC921A7D46CE00D64E06 /* MobileCoreServices.framework */,
				1B82CC901A7D46C400D64E06 /* CoreLocation.framework */,
				1B82CC8E1A7D46B800D64E06 /* CoreGraphics.framework */,
				1B82CC8C1A7D469D00D64E06 /* CFNetwork.framework */,
				1B82CC8A1A7D469400D64E06 /* AdSupport.framework */,
				1B82CC881A7D468D00D64E06 /* Accounts.framework */,
				1B82CC861A7D467900D64E06 /* AudioToolbox.framework */,
				1B82CC841A7D461400D64E06 /* Parse.framework */,
				1B6CA42E1A70457600018381 /* QuartzCore.framework */,
				1B35B8B81A6E8DDE00A19602 /* AssetsLibrary.framework */,
				1BBCC6A51A0CE4400035D5B2 /* Info.plist */,
				1BBCC6A61A0CE4400035D5B2 /* main.m */,
			);
			name = "Supporting Files";
			sourceTree = "<group>";
		};
		1BBCC6C01A0CE4400035D5B2 /* BabyDiaryTests */ = {
			isa = PBXGroup;
			children = (
				1BBCC6C31A0CE4400035D5B2 /* DearSantaTests.m */,
				1BBCC6C11A0CE4400035D5B2 /* Supporting Files */,
			);
			name = BabyDiaryTests;
			path = DearSantaTests;
			sourceTree = "<group>";
		};
		1BBCC6C11A0CE4400035D5B2 /* Supporting Files */ = {
			isa = PBXGroup;
			children = (
				1BBCC6C21A0CE4400035D5B2 /* Info.plist */,
			);
			name = "Supporting Files";
			sourceTree = "<group>";
		};
/* End PBXGroup section */

/* Begin PBXNativeTarget section */
		1BBCC6A01A0CE4400035D5B2 /* BabyDiary */ = {
			isa = PBXNativeTarget;
			buildConfigurationList = 1BBCC6C71A0CE4400035D5B2 /* Build configuration list for PBXNativeTarget "BabyDiary" */;
			buildPhases = (
				1BBCC69D1A0CE4400035D5B2 /* Sources */,
				1BBCC69E1A0CE4400035D5B2 /* Frameworks */,
				1BBCC69F1A0CE4400035D5B2 /* Resources */,
			);
			buildRules = (
			);
			dependencies = (
			);
			name = BabyDiary;
			productName = DearSanta;
			productReference = 1BBCC6A11A0CE4400035D5B2 /* BabyDiary.app */;
			productType = "com.apple.product-type.application";
		};
		1BBCC6BC1A0CE4400035D5B2 /* BabyDiaryTests */ = {
			isa = PBXNativeTarget;
			buildConfigurationList = 1BBCC6CA1A0CE4400035D5B2 /* Build configuration list for PBXNativeTarget "BabyDiaryTests" */;
			buildPhases = (
				1BBCC6B91A0CE4400035D5B2 /* Sources */,
				1BBCC6BA1A0CE4400035D5B2 /* Frameworks */,
				1BBCC6BB1A0CE4400035D5B2 /* Resources */,
			);
			buildRules = (
			);
			dependencies = (
				1BBCC6BF1A0CE4400035D5B2 /* PBXTargetDependency */,
			);
			name = BabyDiaryTests;
			productName = DearSantaTests;
			productReference = 1BBCC6BD1A0CE4400035D5B2 /* BabyDiaryTests.xctest */;
			productType = "com.apple.product-type.bundle.unit-test";
		};
/* End PBXNativeTarget section */

/* Begin PBXProject section */
		1BBCC6991A0CE4400035D5B2 /* Project object */ = {
			isa = PBXProject;
			attributes = {
				LastUpgradeCheck = 0610;
				ORGANIZATIONNAME = GeorgeFrancis;
				TargetAttributes = {
					1BBCC6A01A0CE4400035D5B2 = {
						CreatedOnToolsVersion = 6.1;
					};
					1BBCC6BC1A0CE4400035D5B2 = {
						CreatedOnToolsVersion = 6.1;
						TestTargetID = 1BBCC6A01A0CE4400035D5B2;
					};
				};
			};
			buildConfigurationList = 1BBCC69C1A0CE4400035D5B2 /* Build configuration list for PBXProject "BabyDiary" */;
			compatibilityVersion = "Xcode 3.2";
			developmentRegion = English;
			hasScannedForEncodings = 0;
			knownRegions = (
				en,
				Base,
			);
			mainGroup = 1BBCC6981A0CE4400035D5B2;
			productRefGroup = 1BBCC6A21A0CE4400035D5B2 /* Products */;
			projectDirPath = "";
			projectRoot = "";
			targets = (
				1BBCC6A01A0CE4400035D5B2 /* BabyDiary */,
				1BBCC6BC1A0CE4400035D5B2 /* BabyDiaryTests */,
			);
		};
/* End PBXProject section */

/* Begin PBXResourcesBuildPhase section */
		1BBCC69F1A0CE4400035D5B2 /* Resources */ = {
			isa = PBXResourcesBuildPhase;
			buildActionMask = 2147483647;
			files = (
				1B3AEE291A767C62003AF051 /* takePhotoImage.png in Resources */,
				1BBCC6B31A0CE4400035D5B2 /* Main.storyboard in Resources */,
				1BD5984F1A7FE63600C9B0F7 /* scarlett3.png in Resources */,
				1BD598511A7FE8A200C9B0F7 /* scarlettbackground.png in Resources */,
				1BD5984C1A7FE48100C9B0F7 /* scarlett1.JPG in Resources */,
				1B4DD2581A6D791500C9C1B9 /* boysnames.plist in Resources */,
				1B154D221A72E09F00F681D9 /* babyNamesImage.png in Resources */,
				1B4DD2561A6D790F00C9C1B9 /* girlsnames.plist in Resources */,
				1B3AEE281A767C62003AF051 /* photoLibraryImage.png in Resources */,
				1BBCC6B81A0CE4400035D5B2 /* LaunchScreen.xib in Resources */,
				1BD598561A7FF40000C9B0F7 /* charlieBackground.JPG in Resources */,
				1B6CA4311A70498800018381 /* homePageImage.png in Resources */,
				1BD598581A80BB7700C9B0F7 /* calendar.jpg in Resources */,
				1B3AEE2A1A767C62003AF051 /* timeLapseImage.png in Resources */,
				1B3AEE321A7683C6003AF051 /* favourites.png in Resources */,
				1B3AEE271A767C62003AF051 /* homeImage.png in Resources */,
				1B3AEE2D1A7680BC003AF051 /* playImage.png in Resources */,
				1B3AEE2E1A7680BC003AF051 /* stopImage.png in Resources */,
				1BD5984D1A7FE48100C9B0F7 /* scarlett2.JPG in Resources */,
				1B4DD25D1A6D88AC00C9C1B9 /* pregnantImage.png in Resources */,
				1B3AEE301A768253003AF051 /* binImage.png in Resources */,
				1BD598531A7FEEEC00C9B0F7 /* arrow.png in Resources */,
				1BBCC6B51A0CE4400035D5B2 /* Images.xcassets in Resources */,
			);
			runOnlyForDeploymentPostprocessing = 0;
		};
		1BBCC6BB1A0CE4400035D5B2 /* Resources */ = {
			isa = PBXResourcesBuildPhase;
			buildActionMask = 2147483647;
			files = (
			);
			runOnlyForDeploymentPostprocessing = 0;
		};
/* End PBXResourcesBuildPhase section */

/* Begin PBXSourcesBuildPhase section */
		1BBCC69D1A0CE4400035D5B2 /* Sources */ = {
			isa = PBXSourcesBuildPhase;
			buildActionMask = 2147483647;
			files = (
				1B70DF2E1A7543EE0039FB1B /* BabyName.m in Sources */,
				1B70DF2B1A7543EE0039FB1B /* Photo.m in Sources */,
				1B70DF281A7543EE0039FB1B /* Item.m in Sources */,
				1B82CCBE1A7FAC8800D64E06 /* PhotoCollectionViewController.m in Sources */,
				1B35B8BE1A6E914C00A19602 /* PhotoCell.m in Sources */,
				1BD598461A7FCED500C9B0F7 /* ForumTableViewController.m in Sources */,
				1B82CCB51A7D596600D64E06 /* UploadImageViewController.m in Sources */,
				1B70DF221A7543EE0039FB1B /* Date.m in Sources */,
				1B70DF251A7543EE0039FB1B /* Person.m in Sources */,
				1B82CCBB1A7FA81E00D64E06 /* AddPhotoViewController.m in Sources */,
				1B3AEE121A766380003AF051 /* EditItemViewController.m in Sources */,
				1B35B8C11A6F09F800A19602 /* PhotoViewerViewController.m in Sources */,
				1B3AEE021A7630CC003AF051 /* ImportantDateTableViewController.m in Sources */,
				1B82CCAE1A7D4CD700D64E06 /* RegisterViewController.m in Sources */,
				1BBCC6AA1A0CE4400035D5B2 /* AppDelegate.m in Sources */,
				1BBCC6A71A0CE4400035D5B2 /* main.m in Sources */,
				1B82CCB21A7D529400D64E06 /* LoginViewController.m in Sources */,
				1B4DD2601A6D8DEC00C9C1B9 /* AddFavouriteNameViewController.m in Sources */,
				1B3AEE091A764A50003AF051 /* AddItemViewController.m in Sources */,
				1BBAF6E81A5C16DB0064A11A /* BabyNamesTableViewController.m in Sources */,
				1BBAF6F21A5C230F0064A11A /* ShortListTableViewController.m in Sources */,
				1B4DD25B1A6D868500C9C1B9 /* BoysNamesViewController.m in Sources */,
				1B70DF331A756A430039FB1B /* FetchResultViewController.m in Sources */,
				1B70DF1F1A7543ED0039FB1B /* Baby.m in Sources */,
				1B82CCB81A7D5CC600D64E06 /* ForumViewController.m in Sources */,
				1B35B8B61A6E8C5900A19602 /* PhotoDiaryViewController.m in Sources */,
				1B6270891A6FA92100EC3DF1 /* TimeLapseViewController.m in Sources */,
				1B3AEE0C1A764C87003AF051 /* ItemTableViewController.m in Sources */,
				1BBCC6B01A0CE4400035D5B2 /* ViewController.m in Sources */,
				1BBCC6AD1A0CE4400035D5B2 /* DearSanta.xcdatamodeld in Sources */,
				1B3AEDFF1A7628D2003AF051 /* AddImportantDateViewController.m in Sources */,
				1B4DD2631A6D93DC00C9C1B9 /* FavouritesTableViewController.m in Sources */,
			);
			runOnlyForDeploymentPostprocessing = 0;
		};
		1BBCC6B91A0CE4400035D5B2 /* Sources */ = {
			isa = PBXSourcesBuildPhase;
			buildActionMask = 2147483647;
			files = (
			);
			runOnlyForDeploymentPostprocessing = 0;
		};
/* End PBXSourcesBuildPhase section */

/* Begin PBXTargetDependency section */
		1BBCC6BF1A0CE4400035D5B2 /* PBXTargetDependency */ = {
			isa = PBXTargetDependency;
			target = 1BBCC6A01A0CE4400035D5B2 /* BabyDiary */;
			targetProxy = 1BBCC6BE1A0CE4400035D5B2 /* PBXContainerItemProxy */;
		};
/* End PBXTargetDependency section */

/* Begin PBXVariantGroup section */
		1BBCC6B11A0CE4400035D5B2 /* Main.storyboard */ = {
			isa = PBXVariantGroup;
			children = (
				1BBCC6B21A0CE4400035D5B2 /* Base */,
			);
			name = Main.storyboard;
			sourceTree = "<group>";
		};
		1BBCC6B61A0CE4400035D5B2 /* LaunchScreen.xib */ = {
			isa = PBXVariantGroup;
			children = (
				1BBCC6B71A0CE4400035D5B2 /* Base */,
			);
			name = LaunchScreen.xib;
			sourceTree = "<group>";
		};
/* End PBXVariantGroup section */

/* Begin XCBuildConfiguration section */
		1BBCC6C51A0CE4400035D5B2 /* Debug */ = {
			isa = XCBuildConfiguration;
			buildSettings = {
				ALWAYS_SEARCH_USER_PATHS = NO;
				CLANG_CXX_LANGUAGE_STANDARD = "gnu++0x";
				CLANG_CXX_LIBRARY = "libc++";
				CLANG_ENABLE_MODULES = YES;
				CLANG_ENABLE_OBJC_ARC = YES;
				CLANG_WARN_BOOL_CONVERSION = YES;
				CLANG_WARN_CONSTANT_CONVERSION = YES;
				CLANG_WARN_DIRECT_OBJC_ISA_USAGE = YES_ERROR;
				CLANG_WARN_EMPTY_BODY = YES;
				CLANG_WARN_ENUM_CONVERSION = YES;
				CLANG_WARN_INT_CONVERSION = YES;
				CLANG_WARN_OBJC_ROOT_CLASS = YES_ERROR;
				CLANG_WARN_UNREACHABLE_CODE = YES;
				CLANG_WARN__DUPLICATE_METHOD_MATCH = YES;
				"CODE_SIGN_IDENTITY[sdk=iphoneos*]" = "iPhone Developer";
				COPY_PHASE_STRIP = NO;
				ENABLE_STRICT_OBJC_MSGSEND = YES;
				GCC_C_LANGUAGE_STANDARD = gnu99;
				GCC_DYNAMIC_NO_PIC = NO;
				GCC_OPTIMIZATION_LEVEL = 0;
				GCC_PREPROCESSOR_DEFINITIONS = (
					"DEBUG=1",
					"$(inherited)",
				);
				GCC_SYMBOLS_PRIVATE_EXTERN = NO;
				GCC_WARN_64_TO_32_BIT_CONVERSION = YES;
				GCC_WARN_ABOUT_RETURN_TYPE = YES_ERROR;
				GCC_WARN_UNDECLARED_SELECTOR = YES;
				GCC_WARN_UNINITIALIZED_AUTOS = YES_AGGRESSIVE;
				GCC_WARN_UNUSED_FUNCTION = YES;
				GCC_WARN_UNUSED_VARIABLE = YES;
				IPHONEOS_DEPLOYMENT_TARGET = 8.1;
				MTL_ENABLE_DEBUG_INFO = YES;
				ONLY_ACTIVE_ARCH = YES;
				SDKROOT = iphoneos;
				TARGETED_DEVICE_FAMILY = "1,2";
			};
			name = Debug;
		};
		1BBCC6C61A0CE4400035D5B2 /* Release */ = {
			isa = XCBuildConfiguration;
			buildSettings = {
				ALWAYS_SEARCH_USER_PATHS = NO;
				CLANG_CXX_LANGUAGE_STANDARD = "gnu++0x";
				CLANG_CXX_LIBRARY = "libc++";
				CLANG_ENABLE_MODULES = YES;
				CLANG_ENABLE_OBJC_ARC = YES;
				CLANG_WARN_BOOL_CONVERSION = YES;
				CLANG_WARN_CONSTANT_CONVERSION = YES;
				CLANG_WARN_DIRECT_OBJC_ISA_USAGE = YES_ERROR;
				CLANG_WARN_EMPTY_BODY = YES;
				CLANG_WARN_ENUM_CONVERSION = YES;
				CLANG_WARN_INT_CONVERSION = YES;
				CLANG_WARN_OBJC_ROOT_CLASS = YES_ERROR;
				CLANG_WARN_UNREACHABLE_CODE = YES;
				CLANG_WARN__DUPLICATE_METHOD_MATCH = YES;
				"CODE_SIGN_IDENTITY[sdk=iphoneos*]" = "iPhone Developer";
				COPY_PHASE_STRIP = YES;
				ENABLE_NS_ASSERTIONS = NO;
				ENABLE_STRICT_OBJC_MSGSEND = YES;
				GCC_C_LANGUAGE_STANDARD = gnu99;
				GCC_WARN_64_TO_32_BIT_CONVERSION = YES;
				GCC_WARN_ABOUT_RETURN_TYPE = YES_ERROR;
				GCC_WARN_UNDECLARED_SELECTOR = YES;
				GCC_WARN_UNINITIALIZED_AUTOS = YES_AGGRESSIVE;
				GCC_WARN_UNUSED_FUNCTION = YES;
				GCC_WARN_UNUSED_VARIABLE = YES;
				IPHONEOS_DEPLOYMENT_TARGET = 8.1;
				MTL_ENABLE_DEBUG_INFO = NO;
				SDKROOT = iphoneos;
				TARGETED_DEVICE_FAMILY = "1,2";
				VALIDATE_PRODUCT = YES;
			};
			name = Release;
		};
		1BBCC6C81A0CE4400035D5B2 /* Debug */ = {
			isa = XCBuildConfiguration;
			buildSettings = {
				ASSETCATALOG_COMPILER_APPICON_NAME = AppIcon;
				FRAMEWORK_SEARCH_PATHS = (
					"$(inherited)",
					"$(PROJECT_DIR)/DearSanta/parse-library-1",
					"$(PROJECT_DIR)",
				);
				INFOPLIST_FILE = DearSanta/Info.plist;
				IPHONEOS_DEPLOYMENT_TARGET = 8.1;
				LD_RUNPATH_SEARCH_PATHS = "$(inherited) @executable_path/Frameworks";
				PRODUCT_NAME = BabyDiary;
				TARGETED_DEVICE_FAMILY = "1,2";
			};
			name = Debug;
		};
		1BBCC6C91A0CE4400035D5B2 /* Release */ = {
			isa = XCBuildConfiguration;
			buildSettings = {
				ASSETCATALOG_COMPILER_APPICON_NAME = AppIcon;
				FRAMEWORK_SEARCH_PATHS = (
					"$(inherited)",
					"$(PROJECT_DIR)/DearSanta/parse-library-1",
					"$(PROJECT_DIR)",
				);
				INFOPLIST_FILE = DearSanta/Info.plist;
				IPHONEOS_DEPLOYMENT_TARGET = 8.1;
				LD_RUNPATH_SEARCH_PATHS = "$(inherited) @executable_path/Frameworks";
				PRODUCT_NAME = BabyDiary;
				TARGETED_DEVICE_FAMILY = "1,2";
			};
			name = Release;
		};
		1BBCC6CB1A0CE4400035D5B2 /* Debug */ = {
			isa = XCBuildConfiguration;
			buildSettings = {
				BUNDLE_LOADER = "$(TEST_HOST)";
				FRAMEWORK_SEARCH_PATHS = (
					"$(SDKROOT)/Developer/Library/Frameworks",
					"$(inherited)",
				);
				GCC_PREPROCESSOR_DEFINITIONS = (
					"DEBUG=1",
					"$(inherited)",
				);
				INFOPLIST_FILE = DearSantaTests/Info.plist;
				LD_RUNPATH_SEARCH_PATHS = "$(inherited) @executable_path/Frameworks @loader_path/Frameworks";
				PRODUCT_NAME = BabyDiaryTests;
				TEST_HOST = "$(BUILT_PRODUCTS_DIR)/DearSanta.app/DearSanta";
			};
			name = Debug;
		};
		1BBCC6CC1A0CE4400035D5B2 /* Release */ = {
			isa = XCBuildConfiguration;
			buildSettings = {
				BUNDLE_LOADER = "$(TEST_HOST)";
				FRAMEWORK_SEARCH_PATHS = (
					"$(SDKROOT)/Developer/Library/Frameworks",
					"$(inherited)",
				);
				INFOPLIST_FILE = DearSantaTests/Info.plist;
				LD_RUNPATH_SEARCH_PATHS = "$(inherited) @executable_path/Frameworks @loader_path/Frameworks";
				PRODUCT_NAME = BabyDiaryTests;
				TEST_HOST = "$(BUILT_PRODUCTS_DIR)/DearSanta.app/DearSanta";
			};
			name = Release;
		};
/* End XCBuildConfiguration section */

/* Begin XCConfigurationList section */
		1BBCC69C1A0CE4400035D5B2 /* Build configuration list for PBXProject "BabyDiary" */ = {
			isa = XCConfigurationList;
			buildConfigurations = (
				1BBCC6C51A0CE4400035D5B2 /* Debug */,
				1BBCC6C61A0CE4400035D5B2 /* Release */,
			);
			defaultConfigurationIsVisible = 0;
			defaultConfigurationName = Release;
		};
		1BBCC6C71A0CE4400035D5B2 /* Build configuration list for PBXNativeTarget "BabyDiary" */ = {
			isa = XCConfigurationList;
			buildConfigurations = (
				1BBCC6C81A0CE4400035D5B2 /* Debug */,
				1BBCC6C91A0CE4400035D5B2 /* Release */,
			);
			defaultConfigurationIsVisible = 0;
			defaultConfigurationName = Release;
		};
		1BBCC6CA1A0CE4400035D5B2 /* Build configuration list for PBXNativeTarget "BabyDiaryTests" */ = {
			isa = XCConfigurationList;
			buildConfigurations = (
				1BBCC6CB1A0CE4400035D5B2 /* Debug */,
				1BBCC6CC1A0CE4400035D5B2 /* Release */,
			);
			defaultConfigurationIsVisible = 0;
			defaultConfigurationName = Release;
		};
/* End XCConfigurationList section */

/* Begin XCVersionGroup section */
		1BBCC6AB1A0CE4400035D5B2 /* DearSanta.xcdatamodeld */ = {
			isa = XCVersionGroup;
			children = (
				1BBCC6AC1A0CE4400035D5B2 /* DearSanta.xcdatamodel */,
			);
			currentVersion = 1BBCC6AC1A0CE4400035D5B2 /* DearSanta.xcdatamodel */;
			path = DearSanta.xcdatamodeld;
			sourceTree = "<group>";
			versionGroupType = wrapper.xcdatamodel;
		};
/* End XCVersionGroup section */
	};
	rootObject = 1BBCC6991A0CE4400035D5B2 /* Project object */;
}
